// !$*UTF8*$!
{
	archiveVersion = 1;
	classes = {
	};
	objectVersion = 46;
	objects = {

/* Begin PBXBuildFile section */
		3017AF9F1BC6951C002014BB /* MeasurementSettings.swift in Sources */ = {isa = PBXBuildFile; fileRef = 3022A8451BC6582600BDEBBD /* MeasurementSettings.swift */; };
		3022A8461BC6582600BDEBBD /* MeasurementSettings.swift in Sources */ = {isa = PBXBuildFile; fileRef = 3022A8451BC6582600BDEBBD /* MeasurementSettings.swift */; };
		302F12CF1B4FC6BA000FAB6E /* libPods.a in Frameworks */ = {isa = PBXBuildFile; fileRef = 302F12CE1B4FC6BA000FAB6E /* libPods.a */; };
		304449241B7CA72D007B53F9 /* GoogleMaps.bundle in Sources */ = {isa = PBXBuildFile; fileRef = 304449221B7CA6A4007B53F9 /* GoogleMaps.bundle */; };
		304449261B7CA952007B53F9 /* GoogleMaps.bundle in Resources */ = {isa = PBXBuildFile; fileRef = 304449251B7CA951007B53F9 /* GoogleMaps.bundle */; };
		304449271B7CA952007B53F9 /* GoogleMaps.bundle in Resources */ = {isa = PBXBuildFile; fileRef = 304449251B7CA951007B53F9 /* GoogleMaps.bundle */; };
		3057EA9C1B4D52DE0038DEFE /* Config.plist in Resources */ = {isa = PBXBuildFile; fileRef = 3057EA9B1B4D52DE0038DEFE /* Config.plist */; };
		3057EA9D1B4D52DE0038DEFE /* Config.plist in Resources */ = {isa = PBXBuildFile; fileRef = 3057EA9B1B4D52DE0038DEFE /* Config.plist */; };
		3079DE661BC272F200FE6283 /* Localizable.strings in Resources */ = {isa = PBXBuildFile; fileRef = 3079DE651BC272F200FE6283 /* Localizable.strings */; };
		3079DE671BC272F700FE6283 /* Localizable.strings in Resources */ = {isa = PBXBuildFile; fileRef = 3079DE651BC272F200FE6283 /* Localizable.strings */; };
		3079DE681BC2784200FE6283 /* GMALoginViewController.xib in Resources */ = {isa = PBXBuildFile; fileRef = 3079DE6B1BC2784200FE6283 /* GMALoginViewController.xib */; };
		3079DE691BC2784200FE6283 /* GMALoginViewController.xib in Resources */ = {isa = PBXBuildFile; fileRef = 3079DE6B1BC2784200FE6283 /* GMALoginViewController.xib */; };
		3091A7011B9D768E00977C2B /* mapViewController.swift in Sources */ = {isa = PBXBuildFile; fileRef = 3091A7001B9D768E00977C2B /* mapViewController.swift */; };
		3091A7021B9D768E00977C2B /* mapViewController.swift in Sources */ = {isa = PBXBuildFile; fileRef = 3091A7001B9D768E00977C2B /* mapViewController.swift */; };
		3091A7061B9DA37A00977C2B /* DatePickerCell.swift in Sources */ = {isa = PBXBuildFile; fileRef = 3091A7051B9DA37A00977C2B /* DatePickerCell.swift */; };
		3091A7071B9DA37A00977C2B /* DatePickerCell.swift in Sources */ = {isa = PBXBuildFile; fileRef = 3091A7051B9DA37A00977C2B /* DatePickerCell.swift */; };
		30B45CF61B8F07E900F58D54 /* SWRevealViewController.m in Sources */ = {isa = PBXBuildFile; fileRef = 30B45CF51B8F07E900F58D54 /* SWRevealViewController.m */; };
		30B45CF71B8F07E900F58D54 /* SWRevealViewController.m in Sources */ = {isa = PBXBuildFile; fileRef = 30B45CF51B8F07E900F58D54 /* SWRevealViewController.m */; };
		30B45CFB1B8F128B00F58D54 /* LeftMenuController.swift in Sources */ = {isa = PBXBuildFile; fileRef = 30B45CFA1B8F128B00F58D54 /* LeftMenuController.swift */; };
		30B45CFC1B8F128B00F58D54 /* LeftMenuController.swift in Sources */ = {isa = PBXBuildFile; fileRef = 30B45CFA1B8F128B00F58D54 /* LeftMenuController.swift */; };
		30BADAF21B847D4700B9C74A /* HasMcc.swift in Sources */ = {isa = PBXBuildFile; fileRef = 30BADAF11B847D4700B9C74A /* HasMcc.swift */; };
		30BADAF31B8485E500B9C74A /* HasMcc.swift in Sources */ = {isa = PBXBuildFile; fileRef = 30BADAF11B847D4700B9C74A /* HasMcc.swift */; };
		30BADAF51B849BDA00B9C74A /* NotificationManager.swift in Sources */ = {isa = PBXBuildFile; fileRef = 30BADAF41B849BDA00B9C74A /* NotificationManager.swift */; };
		30BADAF61B849BDA00B9C74A /* NotificationManager.swift in Sources */ = {isa = PBXBuildFile; fileRef = 30BADAF41B849BDA00B9C74A /* NotificationManager.swift */; };
		30C82C6A1B901396004B5BDB /* LoginVC.swift in Sources */ = {isa = PBXBuildFile; fileRef = 30C82C691B901396004B5BDB /* LoginVC.swift */; };
		30C82C6B1B901396004B5BDB /* LoginVC.swift in Sources */ = {isa = PBXBuildFile; fileRef = 30C82C691B901396004B5BDB /* LoginVC.swift */; };
		47376FC91AB09FDF0062D7C9 /* GMA copy-Info.plist in Resources */ = {isa = PBXBuildFile; fileRef = 47376FC71AB09FDF0062D7C9 /* GMA copy-Info.plist */; };
		47376FCA1AB09FDF0062D7C9 /* GMA copy-Info.plist in Resources */ = {isa = PBXBuildFile; fileRef = 47376FC71AB09FDF0062D7C9 /* GMA copy-Info.plist */; };
		474BB9C61AAB79210026F289 /* PageContentViewController.swift in Sources */ = {isa = PBXBuildFile; fileRef = 474BB9C51AAB79210026F289 /* PageContentViewController.swift */; };
		474BB9C71AAB79210026F289 /* PageContentViewController.swift in Sources */ = {isa = PBXBuildFile; fileRef = 474BB9C51AAB79210026F289 /* PageContentViewController.swift */; };
		474BB9C91AAB7A1D0026F289 /* Hack1ViewController.swift in Sources */ = {isa = PBXBuildFile; fileRef = 474BB9C81AAB7A1D0026F289 /* Hack1ViewController.swift */; };
		474BB9CA1AAB7A1D0026F289 /* Hack1ViewController.swift in Sources */ = {isa = PBXBuildFile; fileRef = 474BB9C81AAB7A1D0026F289 /* Hack1ViewController.swift */; };
		4768A2881AAE4DA100A07070 /* Roboto-Black.ttf in Resources */ = {isa = PBXBuildFile; fileRef = 4768A27C1AAE4DA100A07070 /* Roboto-Black.ttf */; };
		4768A2891AAE4DA100A07070 /* Roboto-Black.ttf in Resources */ = {isa = PBXBuildFile; fileRef = 4768A27C1AAE4DA100A07070 /* Roboto-Black.ttf */; };
		4768A28A1AAE4DA100A07070 /* Roboto-BlackItalic.ttf in Resources */ = {isa = PBXBuildFile; fileRef = 4768A27D1AAE4DA100A07070 /* Roboto-BlackItalic.ttf */; };
		4768A28B1AAE4DA100A07070 /* Roboto-BlackItalic.ttf in Resources */ = {isa = PBXBuildFile; fileRef = 4768A27D1AAE4DA100A07070 /* Roboto-BlackItalic.ttf */; };
		4768A28C1AAE4DA100A07070 /* Roboto-Bold.ttf in Resources */ = {isa = PBXBuildFile; fileRef = 4768A27E1AAE4DA100A07070 /* Roboto-Bold.ttf */; };
		4768A28D1AAE4DA100A07070 /* Roboto-Bold.ttf in Resources */ = {isa = PBXBuildFile; fileRef = 4768A27E1AAE4DA100A07070 /* Roboto-Bold.ttf */; };
		4768A28E1AAE4DA100A07070 /* Roboto-BoldItalic.ttf in Resources */ = {isa = PBXBuildFile; fileRef = 4768A27F1AAE4DA100A07070 /* Roboto-BoldItalic.ttf */; };
		4768A28F1AAE4DA100A07070 /* Roboto-BoldItalic.ttf in Resources */ = {isa = PBXBuildFile; fileRef = 4768A27F1AAE4DA100A07070 /* Roboto-BoldItalic.ttf */; };
		4768A2901AAE4DA100A07070 /* Roboto-Italic.ttf in Resources */ = {isa = PBXBuildFile; fileRef = 4768A2801AAE4DA100A07070 /* Roboto-Italic.ttf */; };
		4768A2911AAE4DA100A07070 /* Roboto-Italic.ttf in Resources */ = {isa = PBXBuildFile; fileRef = 4768A2801AAE4DA100A07070 /* Roboto-Italic.ttf */; };
		4768A2921AAE4DA100A07070 /* Roboto-Light.ttf in Resources */ = {isa = PBXBuildFile; fileRef = 4768A2811AAE4DA100A07070 /* Roboto-Light.ttf */; };
		4768A2931AAE4DA100A07070 /* Roboto-Light.ttf in Resources */ = {isa = PBXBuildFile; fileRef = 4768A2811AAE4DA100A07070 /* Roboto-Light.ttf */; };
		4768A2941AAE4DA100A07070 /* Roboto-LightItalic.ttf in Resources */ = {isa = PBXBuildFile; fileRef = 4768A2821AAE4DA100A07070 /* Roboto-LightItalic.ttf */; };
		4768A2951AAE4DA100A07070 /* Roboto-LightItalic.ttf in Resources */ = {isa = PBXBuildFile; fileRef = 4768A2821AAE4DA100A07070 /* Roboto-LightItalic.ttf */; };
		4768A2961AAE4DA100A07070 /* Roboto-Medium.ttf in Resources */ = {isa = PBXBuildFile; fileRef = 4768A2831AAE4DA100A07070 /* Roboto-Medium.ttf */; };
		4768A2971AAE4DA100A07070 /* Roboto-Medium.ttf in Resources */ = {isa = PBXBuildFile; fileRef = 4768A2831AAE4DA100A07070 /* Roboto-Medium.ttf */; };
		4768A2981AAE4DA100A07070 /* Roboto-MediumItalic.ttf in Resources */ = {isa = PBXBuildFile; fileRef = 4768A2841AAE4DA100A07070 /* Roboto-MediumItalic.ttf */; };
		4768A2991AAE4DA100A07070 /* Roboto-MediumItalic.ttf in Resources */ = {isa = PBXBuildFile; fileRef = 4768A2841AAE4DA100A07070 /* Roboto-MediumItalic.ttf */; };
		4768A29A1AAE4DA100A07070 /* Roboto-Regular.ttf in Resources */ = {isa = PBXBuildFile; fileRef = 4768A2851AAE4DA100A07070 /* Roboto-Regular.ttf */; };
		4768A29B1AAE4DA100A07070 /* Roboto-Regular.ttf in Resources */ = {isa = PBXBuildFile; fileRef = 4768A2851AAE4DA100A07070 /* Roboto-Regular.ttf */; };
		4768A29C1AAE4DA100A07070 /* Roboto-Thin.ttf in Resources */ = {isa = PBXBuildFile; fileRef = 4768A2861AAE4DA100A07070 /* Roboto-Thin.ttf */; };
		4768A29D1AAE4DA100A07070 /* Roboto-Thin.ttf in Resources */ = {isa = PBXBuildFile; fileRef = 4768A2861AAE4DA100A07070 /* Roboto-Thin.ttf */; };
		4768A29E1AAE4DA100A07070 /* Roboto-ThinItalic.ttf in Resources */ = {isa = PBXBuildFile; fileRef = 4768A2871AAE4DA100A07070 /* Roboto-ThinItalic.ttf */; };
		4768A29F1AAE4DA100A07070 /* Roboto-ThinItalic.ttf in Resources */ = {isa = PBXBuildFile; fileRef = 4768A2871AAE4DA100A07070 /* Roboto-ThinItalic.ttf */; };
		4768A2A11AAE4E4400A07070 /* Linotype - Alternate Gothic LT No2.ttf in Resources */ = {isa = PBXBuildFile; fileRef = 4768A2A01AAE4E4400A07070 /* Linotype - Alternate Gothic LT No2.ttf */; };
		4768A2A21AAE4E4400A07070 /* Linotype - Alternate Gothic LT No2.ttf in Resources */ = {isa = PBXBuildFile; fileRef = 4768A2A01AAE4E4400A07070 /* Linotype - Alternate Gothic LT No2.ttf */; };
		52891AFA55E5EC6422DB50A7 /* libPods.a in Frameworks */ = {isa = PBXBuildFile; fileRef = 99E4538963E581347F328A67 /* libPods.a */; };
		D30F734D1A68680600D00EA7 /* Main.storyboard in Resources */ = {isa = PBXBuildFile; fileRef = FC4D274E1A2DDF8500C20288 /* Main.storyboard */; };
		FC13ABA61A790BA000CB2713 /* ChurchTVC.swift in Sources */ = {isa = PBXBuildFile; fileRef = FC13ABA51A790BA000CB2713 /* ChurchTVC.swift */; };
		FC13ABA81A790E9B00CB2713 /* UIEditTextCell.swift in Sources */ = {isa = PBXBuildFile; fileRef = FC13ABA71A790E9B00CB2713 /* UIEditTextCell.swift */; };
		FC13ABAA1A7927E100CB2713 /* DevelopmentTVC.swift in Sources */ = {isa = PBXBuildFile; fileRef = FC13ABA91A7927E100CB2713 /* DevelopmentTVC.swift */; };
		FC13ABAC1A79280100CB2713 /* SecurityTVC.swift in Sources */ = {isa = PBXBuildFile; fileRef = FC13ABAB1A79280100CB2713 /* SecurityTVC.swift */; };
		FC13ABAF1A7A58B600CB2713 /* church+extension.swift in Sources */ = {isa = PBXBuildFile; fileRef = FC13ABAE1A7A58B600CB2713 /* church+extension.swift */; };
		FC13ABB31A7A726D00CB2713 /* ParentTVC.swift in Sources */ = {isa = PBXBuildFile; fileRef = FC13ABB21A7A726D00CB2713 /* ParentTVC.swift */; };
		FC22B46B1AB9C8D900FF39AE /* MeasurementValue.swift in Sources */ = {isa = PBXBuildFile; fileRef = FC22B46A1AB9C8D900FF39AE /* MeasurementValue.swift */; };
		FC22B46C1AB9C8D900FF39AE /* MeasurementValue.swift in Sources */ = {isa = PBXBuildFile; fileRef = FC22B46A1AB9C8D900FF39AE /* MeasurementValue.swift */; };
		FC2E0DEF1A2E171A00DAC5A3 /* dataSync.swift in Sources */ = {isa = PBXBuildFile; fileRef = FC2E0DEE1A2E171A00DAC5A3 /* dataSync.swift */; };
		FC2E0DF11A2E181500DAC5A3 /* API.swift in Sources */ = {isa = PBXBuildFile; fileRef = FC2E0DF01A2E181500DAC5A3 /* API.swift */; };
		FC41ED6C1A31CFA600915ED7 /* HTAutocompleteManager.m in Sources */ = {isa = PBXBuildFile; fileRef = FC41ED6B1A31CFA600915ED7 /* HTAutocompleteManager.m */; };
		FC41ED6E1A31EF9A00915ED7 /* mapOptionsViewController.swift in Sources */ = {isa = PBXBuildFile; fileRef = FC41ED6D1A31EF9A00915ED7 /* mapOptionsViewController.swift */; };
		FC4D27491A2DDF8500C20288 /* AppDelegate.swift in Sources */ = {isa = PBXBuildFile; fileRef = FC4D27481A2DDF8500C20288 /* AppDelegate.swift */; };
		FC4D274D1A2DDF8500C20288 /* lmi.swift in Sources */ = {isa = PBXBuildFile; fileRef = FC4D274C1A2DDF8500C20288 /* lmi.swift */; };
		FC4D27521A2DDF8500C20288 /* Images.xcassets in Resources */ = {isa = PBXBuildFile; fileRef = FC4D27511A2DDF8500C20288 /* Images.xcassets */; };
		FC4D27611A2DDF8500C20288 /* gcmappTests.swift in Sources */ = {isa = PBXBuildFile; fileRef = FC4D27601A2DDF8500C20288 /* gcmappTests.swift */; };
		FC4D276D1A2DE62100C20288 /* AVFoundation.framework in Frameworks */ = {isa = PBXBuildFile; fileRef = FC4D276C1A2DE62100C20288 /* AVFoundation.framework */; };
		FC4D276F1A2DE63200C20288 /* CoreData.framework in Frameworks */ = {isa = PBXBuildFile; fileRef = FC4D276E1A2DE63200C20288 /* CoreData.framework */; };
		FC4D27711A2DE63D00C20288 /* CoreLocation.framework in Frameworks */ = {isa = PBXBuildFile; fileRef = FC4D27701A2DE63D00C20288 /* CoreLocation.framework */; };
		FC4D27731A2DE64900C20288 /* CoreText.framework in Frameworks */ = {isa = PBXBuildFile; fileRef = FC4D27721A2DE64900C20288 /* CoreText.framework */; };
		FC4D27751A2DE65300C20288 /* GLKit.framework in Frameworks */ = {isa = PBXBuildFile; fileRef = FC4D27741A2DE65300C20288 /* GLKit.framework */; };
		FC4D27771A2DE65900C20288 /* ImageIO.framework in Frameworks */ = {isa = PBXBuildFile; fileRef = FC4D27761A2DE65900C20288 /* ImageIO.framework */; };
		FC4D27791A2DE66900C20288 /* libc++.dylib in Frameworks */ = {isa = PBXBuildFile; fileRef = FC4D27781A2DE66900C20288 /* libc++.dylib */; };
		FC4D277B1A2DE67A00C20288 /* libicucore.dylib in Frameworks */ = {isa = PBXBuildFile; fileRef = FC4D277A1A2DE67A00C20288 /* libicucore.dylib */; };
		FC4D277D1A2DE68100C20288 /* libz.dylib in Frameworks */ = {isa = PBXBuildFile; fileRef = FC4D277C1A2DE68100C20288 /* libz.dylib */; };
		FC4D277F1A2DE68B00C20288 /* OpenGLES.framework in Frameworks */ = {isa = PBXBuildFile; fileRef = FC4D277E1A2DE68B00C20288 /* OpenGLES.framework */; };
		FC4D27811A2DE69600C20288 /* QuartzCore.framework in Frameworks */ = {isa = PBXBuildFile; fileRef = FC4D27801A2DE69600C20288 /* QuartzCore.framework */; };
		FC4D27831A2DE6A000C20288 /* SystemConfiguration.framework in Frameworks */ = {isa = PBXBuildFile; fileRef = FC4D27821A2DE6A000C20288 /* SystemConfiguration.framework */; };
		FC4D27931A2DFBC400C20288 /* gcmModel.xcdatamodeld in Sources */ = {isa = PBXBuildFile; fileRef = FC4D27911A2DFBC400C20288 /* gcmModel.xcdatamodeld */; };
		FC5EE6B61AA06B4E00F86627 /* MeasurementValueSubTeam.swift in Sources */ = {isa = PBXBuildFile; fileRef = FC5EE6B51AA06B4E00F86627 /* MeasurementValueSubTeam.swift */; };
		FC5EE6B81AA06B4F00F86627 /* Training.swift in Sources */ = {isa = PBXBuildFile; fileRef = FC5EE6B71AA06B4F00F86627 /* Training.swift */; };
		FC5EE6BA1AA06B4F00F86627 /* TrainingCompletion.swift in Sources */ = {isa = PBXBuildFile; fileRef = FC5EE6B91AA06B4F00F86627 /* TrainingCompletion.swift */; };
		FC5EE6BC1AA06B4F00F86627 /* Measurements.swift in Sources */ = {isa = PBXBuildFile; fileRef = FC5EE6BB1AA06B4F00F86627 /* Measurements.swift */; };
		FC5EE6BE1AA06B4F00F86627 /* MeasurementValueSelfAssigned.swift in Sources */ = {isa = PBXBuildFile; fileRef = FC5EE6BD1AA06B4F00F86627 /* MeasurementValueSelfAssigned.swift */; };
		FC5EE6C01AA06B4F00F86627 /* MCC.swift in Sources */ = {isa = PBXBuildFile; fileRef = FC5EE6BF1AA06B4F00F86627 /* MCC.swift */; };
		FC5EE6C21AA06B4F00F86627 /* Assignment.swift in Sources */ = {isa = PBXBuildFile; fileRef = FC5EE6C11AA06B4F00F86627 /* Assignment.swift */; };
		FC5EE6C41AA06B4F00F86627 /* MeasurementLocalSource.swift in Sources */ = {isa = PBXBuildFile; fileRef = FC5EE6C31AA06B4F00F86627 /* MeasurementLocalSource.swift */; };
		FC5EE6C61AA06B4F00F86627 /* Church.swift in Sources */ = {isa = PBXBuildFile; fileRef = FC5EE6C51AA06B4F00F86627 /* Church.swift */; };
		FC5EE6C81AA06B4F00F86627 /* Ministry.swift in Sources */ = {isa = PBXBuildFile; fileRef = FC5EE6C71AA06B4F00F86627 /* Ministry.swift */; };
		FC5EE6CA1AA06B4F00F86627 /* MeasurementValueTeam.swift in Sources */ = {isa = PBXBuildFile; fileRef = FC5EE6C91AA06B4F00F86627 /* MeasurementValueTeam.swift */; };
		FC5EE6CC1AA06B4F00F86627 /* MeasurementMeSource.swift in Sources */ = {isa = PBXBuildFile; fileRef = FC5EE6CB1AA06B4F00F86627 /* MeasurementMeSource.swift */; };
		FC5EE6D01AA073A600F86627 /* TrainingCompletion.swift in Sources */ = {isa = PBXBuildFile; fileRef = FC5EE6B91AA06B4F00F86627 /* TrainingCompletion.swift */; };
		FC5EE6D11AA073A600F86627 /* TrainingCompCell.swift in Sources */ = {isa = PBXBuildFile; fileRef = FC9B9D711A35FE3E00C9E353 /* TrainingCompCell.swift */; };
		FC5EE6D21AA073A600F86627 /* MeasurementValueTeam.swift in Sources */ = {isa = PBXBuildFile; fileRef = FC5EE6C91AA06B4F00F86627 /* MeasurementValueTeam.swift */; };
		FC5EE6D31AA073A600F86627 /* lmi.swift in Sources */ = {isa = PBXBuildFile; fileRef = FC4D274C1A2DDF8500C20288 /* lmi.swift */; };
		FC5EE6D41AA073A600F86627 /* mapOptionsViewController.swift in Sources */ = {isa = PBXBuildFile; fileRef = FC41ED6D1A31EF9A00915ED7 /* mapOptionsViewController.swift */; };
		FC5EE6D51AA073A600F86627 /* DevelopmentTVC.swift in Sources */ = {isa = PBXBuildFile; fileRef = FC13ABA91A7927E100CB2713 /* DevelopmentTVC.swift */; };
		FC5EE6D61AA073A600F86627 /* mccViewController.swift in Sources */ = {isa = PBXBuildFile; fileRef = FC93E0111A31A726008D4221 /* mccViewController.swift */; };
		FC5EE6D71AA073A600F86627 /* Measurements.swift in Sources */ = {isa = PBXBuildFile; fileRef = FC5EE6BB1AA06B4F00F86627 /* Measurements.swift */; };
		FC5EE6D81AA073A600F86627 /* GraphView.swift in Sources */ = {isa = PBXBuildFile; fileRef = FC9B9D801A3845CD00C9E353 /* GraphView.swift */; };
		FC5EE6D91AA073A600F86627 /* measurmentsController.swift in Sources */ = {isa = PBXBuildFile; fileRef = FC9B9D781A370AAA00C9E353 /* measurmentsController.swift */; };
		FC5EE6DA1AA073A600F86627 /* MeasurementLocalSource.swift in Sources */ = {isa = PBXBuildFile; fileRef = FC5EE6C31AA06B4F00F86627 /* MeasurementLocalSource.swift */; };
		FC5EE6DB1AA073A600F86627 /* MCC.swift in Sources */ = {isa = PBXBuildFile; fileRef = FC5EE6BF1AA06B4F00F86627 /* MCC.swift */; };
		FC5EE6DC1AA073A600F86627 /* Assignment.swift in Sources */ = {isa = PBXBuildFile; fileRef = FC5EE6C11AA06B4F00F86627 /* Assignment.swift */; };
		FC5EE6DD1AA073A600F86627 /* Training.swift in Sources */ = {isa = PBXBuildFile; fileRef = FC5EE6B71AA06B4F00F86627 /* Training.swift */; };
		FC5EE6DE1AA073A600F86627 /* measurementDetailViewController.swift in Sources */ = {isa = PBXBuildFile; fileRef = FC9B9D7D1A37388F00C9E353 /* measurementDetailViewController.swift */; };
		FC5EE6DF1AA073A600F86627 /* trainingViewController.swift in Sources */ = {isa = PBXBuildFile; fileRef = FC9B9D6E1A35F73600C9E353 /* trainingViewController.swift */; };
		FC5EE6E01AA073A600F86627 /* dataSync.swift in Sources */ = {isa = PBXBuildFile; fileRef = FC2E0DEE1A2E171A00DAC5A3 /* dataSync.swift */; };
		FC5EE6E11AA073A600F86627 /* NewMinistryTVC.swift in Sources */ = {isa = PBXBuildFile; fileRef = FCD669D71A812100009C4936 /* NewMinistryTVC.swift */; };
		FC5EE6E21AA073A600F86627 /* MeasurementSummaryCell.swift in Sources */ = {isa = PBXBuildFile; fileRef = FCB0A34E1A7FF3BE00223130 /* MeasurementSummaryCell.swift */; };
		FC5EE6E31AA073A600F86627 /* Measurement.swift in Sources */ = {isa = PBXBuildFile; fileRef = FCD401911A6D640C00950802 /* Measurement.swift */; };
		FC5EE6E41AA073A600F86627 /* gcmModel.xcdatamodeld in Sources */ = {isa = PBXBuildFile; fileRef = FC4D27911A2DFBC400C20288 /* gcmModel.xcdatamodeld */; };
		FC5EE6E51AA073A600F86627 /* GMALoginViewController.m in Sources */ = {isa = PBXBuildFile; fileRef = FC93DFD51A2FAE04008D4221 /* GMALoginViewController.m */; };
		FC5EE6E61AA073A600F86627 /* gcmTabBarController.swift in Sources */ = {isa = PBXBuildFile; fileRef = FC93DFDB1A306E19008D4221 /* gcmTabBarController.swift */; };
		FC5EE6E71AA073A600F86627 /* settingsViewController.swift in Sources */ = {isa = PBXBuildFile; fileRef = FC93DFE31A308129008D4221 /* settingsViewController.swift */; };
		FC5EE6E81AA073A600F86627 /* MeasDetailEditCell.swift in Sources */ = {isa = PBXBuildFile; fileRef = FCB8C3031A38995000A3D30F /* MeasDetailEditCell.swift */; };
		FC5EE6E91AA073A600F86627 /* AppDelegate.swift in Sources */ = {isa = PBXBuildFile; fileRef = FC4D27481A2DDF8500C20288 /* AppDelegate.swift */; };
		FC5EE6EA1AA073A600F86627 /* measurements+extension.swift in Sources */ = {isa = PBXBuildFile; fileRef = FCB0A3501A80C15A00223130 /* measurements+extension.swift */; };
		FC5EE6EC1AA073A600F86627 /* assignment+extension.swift in Sources */ = {isa = PBXBuildFile; fileRef = FCD669D91A825BB2009C4936 /* assignment+extension.swift */; };
		FC5EE6ED1AA073A600F86627 /* SecurityTVC.swift in Sources */ = {isa = PBXBuildFile; fileRef = FC13ABAB1A79280100CB2713 /* SecurityTVC.swift */; };
		FC5EE6EE1AA073A600F86627 /* ChurchTVC.swift in Sources */ = {isa = PBXBuildFile; fileRef = FC13ABA51A790BA000CB2713 /* ChurchTVC.swift */; };
		FC5EE6EF1AA073A600F86627 /* TrainingTypeTVC.swift in Sources */ = {isa = PBXBuildFile; fileRef = FC8F3D001A7B91320091854D /* TrainingTypeTVC.swift */; };
		FC5EE6F01AA073A600F86627 /* Church.swift in Sources */ = {isa = PBXBuildFile; fileRef = FC5EE6C51AA06B4F00F86627 /* Church.swift */; };
		FC5EE6F11AA073A600F86627 /* ParentTVC.swift in Sources */ = {isa = PBXBuildFile; fileRef = FC13ABB21A7A726D00CB2713 /* ParentTVC.swift */; };
		FC5EE6F21AA073A600F86627 /* createTrainingStage.swift in Sources */ = {isa = PBXBuildFile; fileRef = FC9401C41A850EDF002D54D1 /* createTrainingStage.swift */; };
		FC5EE6F31AA073A600F86627 /* MeasurementValueSelfAssigned.swift in Sources */ = {isa = PBXBuildFile; fileRef = FC5EE6BD1AA06B4F00F86627 /* MeasurementValueSelfAssigned.swift */; };
		FC5EE6F41AA073A600F86627 /* assignmentsViewController.swift in Sources */ = {isa = PBXBuildFile; fileRef = FC93E00F1A30C6E3008D4221 /* assignmentsViewController.swift */; };
		FC5EE6F51AA073A600F86627 /* Ministry.swift in Sources */ = {isa = PBXBuildFile; fileRef = FC5EE6C71AA06B4F00F86627 /* Ministry.swift */; };
		FC5EE6F61AA073A600F86627 /* UIEditTextCell.swift in Sources */ = {isa = PBXBuildFile; fileRef = FC13ABA71A790E9B00CB2713 /* UIEditTextCell.swift */; };
		FC5EE6F71AA073A600F86627 /* API.swift in Sources */ = {isa = PBXBuildFile; fileRef = FC2E0DF01A2E181500DAC5A3 /* API.swift */; };
		FC5EE6F81AA073A600F86627 /* training+extension.swift in Sources */ = {isa = PBXBuildFile; fileRef = FCDEE1D51A7AA51200818E8C /* training+extension.swift */; };
		FC5EE6F91AA073A600F86627 /* MeasurementMeSource.swift in Sources */ = {isa = PBXBuildFile; fileRef = FC5EE6CB1AA06B4F00F86627 /* MeasurementMeSource.swift */; };
		FC5EE6FA1AA073A600F86627 /* HTAutocompleteManager.m in Sources */ = {isa = PBXBuildFile; fileRef = FC41ED6B1A31CFA600915ED7 /* HTAutocompleteManager.m */; };
		FC5EE6FB1AA073A600F86627 /* Reachability.swift in Sources */ = {isa = PBXBuildFile; fileRef = FCAA6ED11A39AE3900524398 /* Reachability.swift */; };
		FC5EE6FC1AA073A600F86627 /* GlobalConstants.swift in Sources */ = {isa = PBXBuildFile; fileRef = FC93DFDD1A3074B2008D4221 /* GlobalConstants.swift */; };
		FC5EE6FD1AA073A600F86627 /* GlobalFunctions.swift in Sources */ = {isa = PBXBuildFile; fileRef = FC9B9D7B1A3729E700C9E353 /* GlobalFunctions.swift */; };
		FC5EE6FE1AA073A600F86627 /* MeasurementValueSubTeam.swift in Sources */ = {isa = PBXBuildFile; fileRef = FC5EE6B51AA06B4E00F86627 /* MeasurementValueSubTeam.swift */; };
		FC5EE6FF1AA073A600F86627 /* church+extension.swift in Sources */ = {isa = PBXBuildFile; fileRef = FC13ABAE1A7A58B600CB2713 /* church+extension.swift */; };
		FC5EE7001AA073A600F86627 /* MeasurementMeSource+extension.swift in Sources */ = {isa = PBXBuildFile; fileRef = FCD669DF1A838498009C4936 /* MeasurementMeSource+extension.swift */; };
		FC5EE7011AA073A600F86627 /* MeasurementValue+extension.swift in Sources */ = {isa = PBXBuildFile; fileRef = FCD669E31A83870C009C4936 /* MeasurementValue+extension.swift */; };
		FC5EE7021AA073A600F86627 /* Ministry+extension.swift in Sources */ = {isa = PBXBuildFile; fileRef = FC9401C81A88D869002D54D1 /* Ministry+extension.swift */; };
		FC5EE7061AA073A600F86627 /* SystemConfiguration.framework in Frameworks */ = {isa = PBXBuildFile; fileRef = FC4D27821A2DE6A000C20288 /* SystemConfiguration.framework */; };
		FC5EE7071AA073A600F86627 /* QuartzCore.framework in Frameworks */ = {isa = PBXBuildFile; fileRef = FC4D27801A2DE69600C20288 /* QuartzCore.framework */; };
		FC5EE7081AA073A600F86627 /* OpenGLES.framework in Frameworks */ = {isa = PBXBuildFile; fileRef = FC4D277E1A2DE68B00C20288 /* OpenGLES.framework */; };
		FC5EE7091AA073A600F86627 /* libz.dylib in Frameworks */ = {isa = PBXBuildFile; fileRef = FC4D277C1A2DE68100C20288 /* libz.dylib */; };
		FC5EE70A1AA073A600F86627 /* libicucore.dylib in Frameworks */ = {isa = PBXBuildFile; fileRef = FC4D277A1A2DE67A00C20288 /* libicucore.dylib */; };
		FC5EE70B1AA073A600F86627 /* libc++.dylib in Frameworks */ = {isa = PBXBuildFile; fileRef = FC4D27781A2DE66900C20288 /* libc++.dylib */; };
		FC5EE70C1AA073A600F86627 /* ImageIO.framework in Frameworks */ = {isa = PBXBuildFile; fileRef = FC4D27761A2DE65900C20288 /* ImageIO.framework */; };
		FC5EE70D1AA073A600F86627 /* GLKit.framework in Frameworks */ = {isa = PBXBuildFile; fileRef = FC4D27741A2DE65300C20288 /* GLKit.framework */; };
		FC5EE70E1AA073A600F86627 /* CoreText.framework in Frameworks */ = {isa = PBXBuildFile; fileRef = FC4D27721A2DE64900C20288 /* CoreText.framework */; };
		FC5EE70F1AA073A600F86627 /* CoreLocation.framework in Frameworks */ = {isa = PBXBuildFile; fileRef = FC4D27701A2DE63D00C20288 /* CoreLocation.framework */; };
		FC5EE7101AA073A600F86627 /* CoreData.framework in Frameworks */ = {isa = PBXBuildFile; fileRef = FC4D276E1A2DE63200C20288 /* CoreData.framework */; };
		FC5EE7111AA073A600F86627 /* AVFoundation.framework in Frameworks */ = {isa = PBXBuildFile; fileRef = FC4D276C1A2DE62100C20288 /* AVFoundation.framework */; };
		FC5EE7131AA073A600F86627 /* Main.storyboard in Resources */ = {isa = PBXBuildFile; fileRef = FC4D274E1A2DDF8500C20288 /* Main.storyboard */; };
		FC5EE7151AA073A600F86627 /* Images.xcassets in Resources */ = {isa = PBXBuildFile; fileRef = FC4D27511A2DDF8500C20288 /* Images.xcassets */; };
		FC67B9AC1AB9842000530105 /* Launch.storyboard in Resources */ = {isa = PBXBuildFile; fileRef = FC67B9AB1AB9842000530105 /* Launch.storyboard */; };
		FC67B9AD1AB9847400530105 /* Launch.storyboard in Resources */ = {isa = PBXBuildFile; fileRef = FC67B9AB1AB9842000530105 /* Launch.storyboard */; };
		FC8F3D011A7B91320091854D /* TrainingTypeTVC.swift in Sources */ = {isa = PBXBuildFile; fileRef = FC8F3D001A7B91320091854D /* TrainingTypeTVC.swift */; };
		FC93DFD71A2FAE04008D4221 /* GMALoginViewController.m in Sources */ = {isa = PBXBuildFile; fileRef = FC93DFD51A2FAE04008D4221 /* GMALoginViewController.m */; };
		FC93DFDC1A306E19008D4221 /* gcmTabBarController.swift in Sources */ = {isa = PBXBuildFile; fileRef = FC93DFDB1A306E19008D4221 /* gcmTabBarController.swift */; };
		FC93DFDE1A3074B2008D4221 /* GlobalConstants.swift in Sources */ = {isa = PBXBuildFile; fileRef = FC93DFDD1A3074B2008D4221 /* GlobalConstants.swift */; };
		FC93DFE41A308129008D4221 /* settingsViewController.swift in Sources */ = {isa = PBXBuildFile; fileRef = FC93DFE31A308129008D4221 /* settingsViewController.swift */; };
		FC93E0101A30C6E3008D4221 /* assignmentsViewController.swift in Sources */ = {isa = PBXBuildFile; fileRef = FC93E00F1A30C6E3008D4221 /* assignmentsViewController.swift */; };
		FC93E0121A31A726008D4221 /* mccViewController.swift in Sources */ = {isa = PBXBuildFile; fileRef = FC93E0111A31A726008D4221 /* mccViewController.swift */; };
		FC9401C51A850EDF002D54D1 /* createTrainingStage.swift in Sources */ = {isa = PBXBuildFile; fileRef = FC9401C41A850EDF002D54D1 /* createTrainingStage.swift */; };
		FC9401C91A88D869002D54D1 /* Ministry+extension.swift in Sources */ = {isa = PBXBuildFile; fileRef = FC9401C81A88D869002D54D1 /* Ministry+extension.swift */; };
		FC9B9D6F1A35F73600C9E353 /* trainingViewController.swift in Sources */ = {isa = PBXBuildFile; fileRef = FC9B9D6E1A35F73600C9E353 /* trainingViewController.swift */; };
		FC9B9D721A35FE3E00C9E353 /* TrainingCompCell.swift in Sources */ = {isa = PBXBuildFile; fileRef = FC9B9D711A35FE3E00C9E353 /* TrainingCompCell.swift */; };
		FC9B9D791A370AAA00C9E353 /* measurmentsController.swift in Sources */ = {isa = PBXBuildFile; fileRef = FC9B9D781A370AAA00C9E353 /* measurmentsController.swift */; };
		FC9B9D7C1A3729E700C9E353 /* GlobalFunctions.swift in Sources */ = {isa = PBXBuildFile; fileRef = FC9B9D7B1A3729E700C9E353 /* GlobalFunctions.swift */; };
		FC9B9D7E1A37388F00C9E353 /* measurementDetailViewController.swift in Sources */ = {isa = PBXBuildFile; fileRef = FC9B9D7D1A37388F00C9E353 /* measurementDetailViewController.swift */; };
		FC9B9D811A3845CD00C9E353 /* GraphView.swift in Sources */ = {isa = PBXBuildFile; fileRef = FC9B9D801A3845CD00C9E353 /* GraphView.swift */; };
		FCAA6ED21A39AE3900524398 /* Reachability.swift in Sources */ = {isa = PBXBuildFile; fileRef = FCAA6ED11A39AE3900524398 /* Reachability.swift */; };
		FCB0A34F1A7FF3BE00223130 /* MeasurementSummaryCell.swift in Sources */ = {isa = PBXBuildFile; fileRef = FCB0A34E1A7FF3BE00223130 /* MeasurementSummaryCell.swift */; };
		FCB0A3511A80C15A00223130 /* measurements+extension.swift in Sources */ = {isa = PBXBuildFile; fileRef = FCB0A3501A80C15A00223130 /* measurements+extension.swift */; };
		FCB8C3041A38995000A3D30F /* MeasDetailEditCell.swift in Sources */ = {isa = PBXBuildFile; fileRef = FCB8C3031A38995000A3D30F /* MeasDetailEditCell.swift */; };
		FCD401921A6D640C00950802 /* Measurement.swift in Sources */ = {isa = PBXBuildFile; fileRef = FCD401911A6D640C00950802 /* Measurement.swift */; };
		FCD669D81A812100009C4936 /* NewMinistryTVC.swift in Sources */ = {isa = PBXBuildFile; fileRef = FCD669D71A812100009C4936 /* NewMinistryTVC.swift */; };
		FCD669DA1A825BB2009C4936 /* assignment+extension.swift in Sources */ = {isa = PBXBuildFile; fileRef = FCD669D91A825BB2009C4936 /* assignment+extension.swift */; };
		FCD669E01A838498009C4936 /* MeasurementMeSource+extension.swift in Sources */ = {isa = PBXBuildFile; fileRef = FCD669DF1A838498009C4936 /* MeasurementMeSource+extension.swift */; };
		FCD669E41A83870C009C4936 /* MeasurementValue+extension.swift in Sources */ = {isa = PBXBuildFile; fileRef = FCD669E31A83870C009C4936 /* MeasurementValue+extension.swift */; };
		FCDEE1D61A7AA51200818E8C /* training+extension.swift in Sources */ = {isa = PBXBuildFile; fileRef = FCDEE1D51A7AA51200818E8C /* training+extension.swift */; };
/* End PBXBuildFile section */

/* Begin PBXContainerItemProxy section */
		FC4D275B1A2DDF8500C20288 /* PBXContainerItemProxy */ = {
			isa = PBXContainerItemProxy;
			containerPortal = FC4D273B1A2DDF8500C20288 /* Project object */;
			proxyType = 1;
			remoteGlobalIDString = FC4D27421A2DDF8500C20288;
			remoteInfo = gcmapp;
		};
/* End PBXContainerItemProxy section */

/* Begin PBXFileReference section */
		0AB2EC15715F7C771D614402 /* libPods-GMA.a */ = {isa = PBXFileReference; explicitFileType = archive.ar; includeInIndex = 0; path = "libPods-GMA.a"; sourceTree = BUILT_PRODUCTS_DIR; };
		3022A8451BC6582600BDEBBD /* MeasurementSettings.swift */ = {isa = PBXFileReference; fileEncoding = 4; lastKnownFileType = sourcecode.swift; path = MeasurementSettings.swift; sourceTree = "<group>"; };
		302F12CC1B4FC158000FAB6E /* libPods.a */ = {isa = PBXFileReference; lastKnownFileType = archive.ar; name = libPods.a; path = "Pods/../build/Debug-iphoneos/libPods.a"; sourceTree = "<group>"; };
		302F12CE1B4FC6BA000FAB6E /* libPods.a */ = {isa = PBXFileReference; lastKnownFileType = archive.ar; name = libPods.a; path = "Pods/../build/Debug-iphoneos/libPods.a"; sourceTree = "<group>"; };
		304449201B7CA5E5007B53F9 /* GoogleMaps.framework */ = {isa = PBXFileReference; lastKnownFileType = wrapper.framework; name = GoogleMaps.framework; path = Pods/GoogleMaps/Frameworks/GoogleMaps.framework; sourceTree = "<group>"; };
		304449221B7CA6A4007B53F9 /* GoogleMaps.bundle */ = {isa = PBXFileReference; lastKnownFileType = "wrapper.plug-in"; name = GoogleMaps.bundle; path = Pods/GoogleMaps/Frameworks/GoogleMaps.framework/Versions/A/Resources/GoogleMaps.bundle; sourceTree = "<group>"; };
		304449251B7CA951007B53F9 /* GoogleMaps.bundle */ = {isa = PBXFileReference; lastKnownFileType = "wrapper.plug-in"; name = GoogleMaps.bundle; path = Pods/GoogleMaps/Frameworks/GoogleMaps.framework/Versions/A/Resources/GoogleMaps.bundle; sourceTree = "<group>"; };
		3057EA9B1B4D52DE0038DEFE /* Config.plist */ = {isa = PBXFileReference; fileEncoding = 4; lastKnownFileType = text.plist.xml; path = Config.plist; sourceTree = "<group>"; };
		3079DE651BC272F200FE6283 /* Localizable.strings */ = {isa = PBXFileReference; fileEncoding = 4; lastKnownFileType = text.plist.strings; name = Localizable.strings; path = ../Localizable.strings; sourceTree = "<group>"; };
		3079DE6C1BC2784800FE6283 /* Base */ = {isa = PBXFileReference; lastKnownFileType = file.xib; name = Base; path = Base.lproj/GMALoginViewController.xib; sourceTree = "<group>"; };
		3079DE6E1BC2788500FE6283 /* en */ = {isa = PBXFileReference; lastKnownFileType = text.plist.strings; name = en; path = en.lproj/GMALoginViewController.strings; sourceTree = "<group>"; };
		3091A7001B9D768E00977C2B /* mapViewController.swift */ = {isa = PBXFileReference; fileEncoding = 4; lastKnownFileType = sourcecode.swift; path = mapViewController.swift; sourceTree = "<group>"; };
		3091A7051B9DA37A00977C2B /* DatePickerCell.swift */ = {isa = PBXFileReference; fileEncoding = 4; lastKnownFileType = sourcecode.swift; path = DatePickerCell.swift; sourceTree = "<group>"; };
		30B45CF41B8F07E900F58D54 /* SWRevealViewController.h */ = {isa = PBXFileReference; fileEncoding = 4; lastKnownFileType = sourcecode.c.h; path = SWRevealViewController.h; sourceTree = "<group>"; };
		30B45CF51B8F07E900F58D54 /* SWRevealViewController.m */ = {isa = PBXFileReference; fileEncoding = 4; lastKnownFileType = sourcecode.c.objc; path = SWRevealViewController.m; sourceTree = "<group>"; };
		30B45CFA1B8F128B00F58D54 /* LeftMenuController.swift */ = {isa = PBXFileReference; fileEncoding = 4; lastKnownFileType = sourcecode.swift; path = LeftMenuController.swift; sourceTree = "<group>"; };
		30BADAF11B847D4700B9C74A /* HasMcc.swift */ = {isa = PBXFileReference; fileEncoding = 4; lastKnownFileType = sourcecode.swift; path = HasMcc.swift; sourceTree = "<group>"; };
		30BADAF41B849BDA00B9C74A /* NotificationManager.swift */ = {isa = PBXFileReference; fileEncoding = 4; lastKnownFileType = sourcecode.swift; path = NotificationManager.swift; sourceTree = "<group>"; };
		30C82C691B901396004B5BDB /* LoginVC.swift */ = {isa = PBXFileReference; fileEncoding = 4; lastKnownFileType = sourcecode.swift; path = LoginVC.swift; sourceTree = "<group>"; };
		47376FC71AB09FDF0062D7C9 /* GMA copy-Info.plist */ = {isa = PBXFileReference; fileEncoding = 4; lastKnownFileType = text.plist.xml; path = "GMA copy-Info.plist"; sourceTree = "<group>"; };
		47376FC81AB09FDF0062D7C9 /* GMA copy2-Info.plist */ = {isa = PBXFileReference; fileEncoding = 4; lastKnownFileType = text.plist.xml; path = "GMA copy2-Info.plist"; sourceTree = "<group>"; };
		474BB9C51AAB79210026F289 /* PageContentViewController.swift */ = {isa = PBXFileReference; fileEncoding = 4; lastKnownFileType = sourcecode.swift; path = PageContentViewController.swift; sourceTree = "<group>"; };
		474BB9C81AAB7A1D0026F289 /* Hack1ViewController.swift */ = {isa = PBXFileReference; fileEncoding = 4; lastKnownFileType = sourcecode.swift; path = Hack1ViewController.swift; sourceTree = "<group>"; };
		4768A27C1AAE4DA100A07070 /* Roboto-Black.ttf */ = {isa = PBXFileReference; lastKnownFileType = file; path = "Roboto-Black.ttf"; sourceTree = "<group>"; };
		4768A27D1AAE4DA100A07070 /* Roboto-BlackItalic.ttf */ = {isa = PBXFileReference; lastKnownFileType = file; path = "Roboto-BlackItalic.ttf"; sourceTree = "<group>"; };
		4768A27E1AAE4DA100A07070 /* Roboto-Bold.ttf */ = {isa = PBXFileReference; lastKnownFileType = file; path = "Roboto-Bold.ttf"; sourceTree = "<group>"; };
		4768A27F1AAE4DA100A07070 /* Roboto-BoldItalic.ttf */ = {isa = PBXFileReference; lastKnownFileType = file; path = "Roboto-BoldItalic.ttf"; sourceTree = "<group>"; };
		4768A2801AAE4DA100A07070 /* Roboto-Italic.ttf */ = {isa = PBXFileReference; lastKnownFileType = file; path = "Roboto-Italic.ttf"; sourceTree = "<group>"; };
		4768A2811AAE4DA100A07070 /* Roboto-Light.ttf */ = {isa = PBXFileReference; lastKnownFileType = file; path = "Roboto-Light.ttf"; sourceTree = "<group>"; };
		4768A2821AAE4DA100A07070 /* Roboto-LightItalic.ttf */ = {isa = PBXFileReference; lastKnownFileType = file; path = "Roboto-LightItalic.ttf"; sourceTree = "<group>"; };
		4768A2831AAE4DA100A07070 /* Roboto-Medium.ttf */ = {isa = PBXFileReference; lastKnownFileType = file; path = "Roboto-Medium.ttf"; sourceTree = "<group>"; };
		4768A2841AAE4DA100A07070 /* Roboto-MediumItalic.ttf */ = {isa = PBXFileReference; lastKnownFileType = file; path = "Roboto-MediumItalic.ttf"; sourceTree = "<group>"; };
		4768A2851AAE4DA100A07070 /* Roboto-Regular.ttf */ = {isa = PBXFileReference; lastKnownFileType = file; path = "Roboto-Regular.ttf"; sourceTree = "<group>"; };
		4768A2861AAE4DA100A07070 /* Roboto-Thin.ttf */ = {isa = PBXFileReference; lastKnownFileType = file; path = "Roboto-Thin.ttf"; sourceTree = "<group>"; };
		4768A2871AAE4DA100A07070 /* Roboto-ThinItalic.ttf */ = {isa = PBXFileReference; lastKnownFileType = file; path = "Roboto-ThinItalic.ttf"; sourceTree = "<group>"; };
		4768A2A01AAE4E4400A07070 /* Linotype - Alternate Gothic LT No2.ttf */ = {isa = PBXFileReference; lastKnownFileType = file; path = "Linotype - Alternate Gothic LT No2.ttf"; sourceTree = "<group>"; };
		99E4538963E581347F328A67 /* libPods.a */ = {isa = PBXFileReference; explicitFileType = archive.ar; includeInIndex = 0; path = libPods.a; sourceTree = BUILT_PRODUCTS_DIR; };
		AC2A012DF5F052B0FF9138F4 /* libPods-GMA Demo.a */ = {isa = PBXFileReference; explicitFileType = archive.ar; includeInIndex = 0; path = "libPods-GMA Demo.a"; sourceTree = BUILT_PRODUCTS_DIR; };
		D30F734C1A6867F300D00EA7 /* en */ = {isa = PBXFileReference; lastKnownFileType = text.plist.strings; name = en; path = en.lproj/Main.strings; sourceTree = "<group>"; };
		EBD4DF6AB4D7A6A23838D6B7 /* Pods.release.xcconfig */ = {isa = PBXFileReference; includeInIndex = 1; lastKnownFileType = text.xcconfig; name = Pods.release.xcconfig; path = "Pods/Target Support Files/Pods/Pods.release.xcconfig"; sourceTree = "<group>"; };
		F960B9A9023C7B62E23D9505 /* Pods.debug.xcconfig */ = {isa = PBXFileReference; includeInIndex = 1; lastKnownFileType = text.xcconfig; name = Pods.debug.xcconfig; path = "Pods/Target Support Files/Pods/Pods.debug.xcconfig"; sourceTree = "<group>"; };
		FC13ABA51A790BA000CB2713 /* ChurchTVC.swift */ = {isa = PBXFileReference; fileEncoding = 4; lastKnownFileType = sourcecode.swift; path = ChurchTVC.swift; sourceTree = "<group>"; };
		FC13ABA71A790E9B00CB2713 /* UIEditTextCell.swift */ = {isa = PBXFileReference; fileEncoding = 4; lastKnownFileType = sourcecode.swift; path = UIEditTextCell.swift; sourceTree = "<group>"; };
		FC13ABA91A7927E100CB2713 /* DevelopmentTVC.swift */ = {isa = PBXFileReference; fileEncoding = 4; lastKnownFileType = sourcecode.swift; path = DevelopmentTVC.swift; sourceTree = "<group>"; };
		FC13ABAB1A79280100CB2713 /* SecurityTVC.swift */ = {isa = PBXFileReference; fileEncoding = 4; lastKnownFileType = sourcecode.swift; path = SecurityTVC.swift; sourceTree = "<group>"; };
		FC13ABAE1A7A58B600CB2713 /* church+extension.swift */ = {isa = PBXFileReference; fileEncoding = 4; lastKnownFileType = sourcecode.swift; path = "church+extension.swift"; sourceTree = "<group>"; };
		FC13ABB21A7A726D00CB2713 /* ParentTVC.swift */ = {isa = PBXFileReference; fileEncoding = 4; lastKnownFileType = sourcecode.swift; path = ParentTVC.swift; sourceTree = "<group>"; };
		FC22B46A1AB9C8D900FF39AE /* MeasurementValue.swift */ = {isa = PBXFileReference; fileEncoding = 4; lastKnownFileType = sourcecode.swift; path = MeasurementValue.swift; sourceTree = "<group>"; };
		FC2E0DEE1A2E171A00DAC5A3 /* dataSync.swift */ = {isa = PBXFileReference; fileEncoding = 4; lastKnownFileType = sourcecode.swift; path = dataSync.swift; sourceTree = "<group>"; };
		FC2E0DF01A2E181500DAC5A3 /* API.swift */ = {isa = PBXFileReference; fileEncoding = 4; lastKnownFileType = sourcecode.swift; path = API.swift; sourceTree = "<group>"; };
		FC41ED6A1A31CFA600915ED7 /* HTAutocompleteManager.h */ = {isa = PBXFileReference; fileEncoding = 4; lastKnownFileType = sourcecode.c.h; path = HTAutocompleteManager.h; sourceTree = "<group>"; };
		FC41ED6B1A31CFA600915ED7 /* HTAutocompleteManager.m */ = {isa = PBXFileReference; fileEncoding = 4; lastKnownFileType = sourcecode.c.objc; path = HTAutocompleteManager.m; sourceTree = "<group>"; };
		FC41ED6D1A31EF9A00915ED7 /* mapOptionsViewController.swift */ = {isa = PBXFileReference; fileEncoding = 4; lastKnownFileType = sourcecode.swift; path = mapOptionsViewController.swift; sourceTree = "<group>"; };
		FC4CF6211B069786000CCEE2 /* GoogleAnalytics */ = {isa = PBXFileReference; lastKnownFileType = folder; name = GoogleAnalytics; path = "Pods/GoogleAnalytics-iOS-SDK/GoogleAnalytics"; sourceTree = "<group>"; };
		FC4CF6231B0697CC000CCEE2 /* libGoogleAnalyticsServices.a */ = {isa = PBXFileReference; lastKnownFileType = archive.ar; name = libGoogleAnalyticsServices.a; path = "Pods/GoogleAnalytics-iOS-SDK/libGoogleAnalyticsServices.a"; sourceTree = "<group>"; };
		FC4D27431A2DDF8500C20288 /* GMA.app */ = {isa = PBXFileReference; explicitFileType = wrapper.application; includeInIndex = 0; path = GMA.app; sourceTree = BUILT_PRODUCTS_DIR; };
		FC4D27471A2DDF8500C20288 /* Info.plist */ = {isa = PBXFileReference; lastKnownFileType = text.plist.xml; path = Info.plist; sourceTree = "<group>"; };
		FC4D27481A2DDF8500C20288 /* AppDelegate.swift */ = {isa = PBXFileReference; lastKnownFileType = sourcecode.swift; path = AppDelegate.swift; sourceTree = "<group>"; };
		FC4D274C1A2DDF8500C20288 /* lmi.swift */ = {isa = PBXFileReference; lastKnownFileType = sourcecode.swift; path = lmi.swift; sourceTree = "<group>"; };
		FC4D274F1A2DDF8500C20288 /* Base */ = {isa = PBXFileReference; lastKnownFileType = file.storyboard; name = Base; path = Base.lproj/Main.storyboard; sourceTree = "<group>"; };
		FC4D27511A2DDF8500C20288 /* Images.xcassets */ = {isa = PBXFileReference; lastKnownFileType = folder.assetcatalog; path = Images.xcassets; sourceTree = "<group>"; };
		FC4D275A1A2DDF8500C20288 /* gcmappTests.xctest */ = {isa = PBXFileReference; explicitFileType = wrapper.cfbundle; includeInIndex = 0; path = gcmappTests.xctest; sourceTree = BUILT_PRODUCTS_DIR; };
		FC4D275F1A2DDF8500C20288 /* Info.plist */ = {isa = PBXFileReference; lastKnownFileType = text.plist.xml; path = Info.plist; sourceTree = "<group>"; };
		FC4D27601A2DDF8500C20288 /* gcmappTests.swift */ = {isa = PBXFileReference; lastKnownFileType = sourcecode.swift; path = gcmappTests.swift; sourceTree = "<group>"; };
		FC4D276C1A2DE62100C20288 /* AVFoundation.framework */ = {isa = PBXFileReference; lastKnownFileType = wrapper.framework; name = AVFoundation.framework; path = System/Library/Frameworks/AVFoundation.framework; sourceTree = SDKROOT; };
		FC4D276E1A2DE63200C20288 /* CoreData.framework */ = {isa = PBXFileReference; lastKnownFileType = wrapper.framework; name = CoreData.framework; path = System/Library/Frameworks/CoreData.framework; sourceTree = SDKROOT; };
		FC4D27701A2DE63D00C20288 /* CoreLocation.framework */ = {isa = PBXFileReference; lastKnownFileType = wrapper.framework; name = CoreLocation.framework; path = System/Library/Frameworks/CoreLocation.framework; sourceTree = SDKROOT; };
		FC4D27721A2DE64900C20288 /* CoreText.framework */ = {isa = PBXFileReference; lastKnownFileType = wrapper.framework; name = CoreText.framework; path = System/Library/Frameworks/CoreText.framework; sourceTree = SDKROOT; };
		FC4D27741A2DE65300C20288 /* GLKit.framework */ = {isa = PBXFileReference; lastKnownFileType = wrapper.framework; name = GLKit.framework; path = System/Library/Frameworks/GLKit.framework; sourceTree = SDKROOT; };
		FC4D27761A2DE65900C20288 /* ImageIO.framework */ = {isa = PBXFileReference; lastKnownFileType = wrapper.framework; name = ImageIO.framework; path = System/Library/Frameworks/ImageIO.framework; sourceTree = SDKROOT; };
		FC4D27781A2DE66900C20288 /* libc++.dylib */ = {isa = PBXFileReference; lastKnownFileType = "compiled.mach-o.dylib"; name = "libc++.dylib"; path = "usr/lib/libc++.dylib"; sourceTree = SDKROOT; };
		FC4D277A1A2DE67A00C20288 /* libicucore.dylib */ = {isa = PBXFileReference; lastKnownFileType = "compiled.mach-o.dylib"; name = libicucore.dylib; path = usr/lib/libicucore.dylib; sourceTree = SDKROOT; };
		FC4D277C1A2DE68100C20288 /* libz.dylib */ = {isa = PBXFileReference; lastKnownFileType = "compiled.mach-o.dylib"; name = libz.dylib; path = usr/lib/libz.dylib; sourceTree = SDKROOT; };
		FC4D277E1A2DE68B00C20288 /* OpenGLES.framework */ = {isa = PBXFileReference; lastKnownFileType = wrapper.framework; name = OpenGLES.framework; path = System/Library/Frameworks/OpenGLES.framework; sourceTree = SDKROOT; };
		FC4D27801A2DE69600C20288 /* QuartzCore.framework */ = {isa = PBXFileReference; lastKnownFileType = wrapper.framework; name = QuartzCore.framework; path = System/Library/Frameworks/QuartzCore.framework; sourceTree = SDKROOT; };
		FC4D27821A2DE6A000C20288 /* SystemConfiguration.framework */ = {isa = PBXFileReference; lastKnownFileType = wrapper.framework; name = SystemConfiguration.framework; path = System/Library/Frameworks/SystemConfiguration.framework; sourceTree = SDKROOT; };
		FC4D27851A2DE84800C20288 /* gcmapp-Bridging-Header.h */ = {isa = PBXFileReference; lastKnownFileType = sourcecode.c.h; path = "gcmapp-Bridging-Header.h"; sourceTree = "<group>"; };
		FC4D27921A2DFBC400C20288 /* gcmModel.xcdatamodel */ = {isa = PBXFileReference; lastKnownFileType = wrapper.xcdatamodel; path = gcmModel.xcdatamodel; sourceTree = "<group>"; };
		FC5EE6B51AA06B4E00F86627 /* MeasurementValueSubTeam.swift */ = {isa = PBXFileReference; fileEncoding = 4; lastKnownFileType = sourcecode.swift; path = MeasurementValueSubTeam.swift; sourceTree = "<group>"; };
		FC5EE6B71AA06B4F00F86627 /* Training.swift */ = {isa = PBXFileReference; fileEncoding = 4; lastKnownFileType = sourcecode.swift; path = Training.swift; sourceTree = "<group>"; };
		FC5EE6B91AA06B4F00F86627 /* TrainingCompletion.swift */ = {isa = PBXFileReference; fileEncoding = 4; lastKnownFileType = sourcecode.swift; path = TrainingCompletion.swift; sourceTree = "<group>"; };
		FC5EE6BB1AA06B4F00F86627 /* Measurements.swift */ = {isa = PBXFileReference; fileEncoding = 4; lastKnownFileType = sourcecode.swift; path = Measurements.swift; sourceTree = "<group>"; };
		FC5EE6BD1AA06B4F00F86627 /* MeasurementValueSelfAssigned.swift */ = {isa = PBXFileReference; fileEncoding = 4; lastKnownFileType = sourcecode.swift; path = MeasurementValueSelfAssigned.swift; sourceTree = "<group>"; };
		FC5EE6BF1AA06B4F00F86627 /* MCC.swift */ = {isa = PBXFileReference; fileEncoding = 4; lastKnownFileType = sourcecode.swift; path = MCC.swift; sourceTree = "<group>"; };
		FC5EE6C11AA06B4F00F86627 /* Assignment.swift */ = {isa = PBXFileReference; fileEncoding = 4; lastKnownFileType = sourcecode.swift; path = Assignment.swift; sourceTree = "<group>"; };
		FC5EE6C31AA06B4F00F86627 /* MeasurementLocalSource.swift */ = {isa = PBXFileReference; fileEncoding = 4; lastKnownFileType = sourcecode.swift; path = MeasurementLocalSource.swift; sourceTree = "<group>"; };
		FC5EE6C51AA06B4F00F86627 /* Church.swift */ = {isa = PBXFileReference; fileEncoding = 4; lastKnownFileType = sourcecode.swift; path = Church.swift; sourceTree = "<group>"; };
		FC5EE6C71AA06B4F00F86627 /* Ministry.swift */ = {isa = PBXFileReference; fileEncoding = 4; lastKnownFileType = sourcecode.swift; path = Ministry.swift; sourceTree = "<group>"; };
		FC5EE6C91AA06B4F00F86627 /* MeasurementValueTeam.swift */ = {isa = PBXFileReference; fileEncoding = 4; lastKnownFileType = sourcecode.swift; path = MeasurementValueTeam.swift; sourceTree = "<group>"; };
		FC5EE6CB1AA06B4F00F86627 /* MeasurementMeSource.swift */ = {isa = PBXFileReference; fileEncoding = 4; lastKnownFileType = sourcecode.swift; path = MeasurementMeSource.swift; sourceTree = "<group>"; };
		FC5EE71B1AA073A600F86627 /* GMA Demo.app */ = {isa = PBXFileReference; explicitFileType = wrapper.application; includeInIndex = 0; path = "GMA Demo.app"; sourceTree = BUILT_PRODUCTS_DIR; };
		FC67B9AB1AB9842000530105 /* Launch.storyboard */ = {isa = PBXFileReference; fileEncoding = 4; lastKnownFileType = file.storyboard; path = Launch.storyboard; sourceTree = "<group>"; };
		FC8F3D001A7B91320091854D /* TrainingTypeTVC.swift */ = {isa = PBXFileReference; fileEncoding = 4; lastKnownFileType = sourcecode.swift; path = TrainingTypeTVC.swift; sourceTree = "<group>"; };
		FC93DFD41A2FAE04008D4221 /* GMALoginViewController.h */ = {isa = PBXFileReference; fileEncoding = 4; lastKnownFileType = sourcecode.c.h; path = GMALoginViewController.h; sourceTree = "<group>"; };
		FC93DFD51A2FAE04008D4221 /* GMALoginViewController.m */ = {isa = PBXFileReference; fileEncoding = 4; lastKnownFileType = sourcecode.c.objc; path = GMALoginViewController.m; sourceTree = "<group>"; };
		FC93DFDB1A306E19008D4221 /* gcmTabBarController.swift */ = {isa = PBXFileReference; fileEncoding = 4; lastKnownFileType = sourcecode.swift; path = gcmTabBarController.swift; sourceTree = "<group>"; };
		FC93DFDD1A3074B2008D4221 /* GlobalConstants.swift */ = {isa = PBXFileReference; fileEncoding = 4; lastKnownFileType = sourcecode.swift; path = GlobalConstants.swift; sourceTree = "<group>"; };
		FC93DFE31A308129008D4221 /* settingsViewController.swift */ = {isa = PBXFileReference; fileEncoding = 4; lastKnownFileType = sourcecode.swift; path = settingsViewController.swift; sourceTree = "<group>"; };
		FC93E00F1A30C6E3008D4221 /* assignmentsViewController.swift */ = {isa = PBXFileReference; fileEncoding = 4; lastKnownFileType = sourcecode.swift; path = assignmentsViewController.swift; sourceTree = "<group>"; };
		FC93E0111A31A726008D4221 /* mccViewController.swift */ = {isa = PBXFileReference; fileEncoding = 4; lastKnownFileType = sourcecode.swift; path = mccViewController.swift; sourceTree = "<group>"; };
		FC9401C41A850EDF002D54D1 /* createTrainingStage.swift */ = {isa = PBXFileReference; fileEncoding = 4; lastKnownFileType = sourcecode.swift; path = createTrainingStage.swift; sourceTree = "<group>"; };
		FC9401C81A88D869002D54D1 /* Ministry+extension.swift */ = {isa = PBXFileReference; fileEncoding = 4; lastKnownFileType = sourcecode.swift; path = "Ministry+extension.swift"; sourceTree = "<group>"; };
		FC9B9D6E1A35F73600C9E353 /* trainingViewController.swift */ = {isa = PBXFileReference; fileEncoding = 4; lastKnownFileType = sourcecode.swift; path = trainingViewController.swift; sourceTree = "<group>"; };
		FC9B9D711A35FE3E00C9E353 /* TrainingCompCell.swift */ = {isa = PBXFileReference; fileEncoding = 4; lastKnownFileType = sourcecode.swift; path = TrainingCompCell.swift; sourceTree = "<group>"; };
		FC9B9D781A370AAA00C9E353 /* measurmentsController.swift */ = {isa = PBXFileReference; fileEncoding = 4; lastKnownFileType = sourcecode.swift; path = measurmentsController.swift; sourceTree = "<group>"; };
		FC9B9D7B1A3729E700C9E353 /* GlobalFunctions.swift */ = {isa = PBXFileReference; fileEncoding = 4; lastKnownFileType = sourcecode.swift; path = GlobalFunctions.swift; sourceTree = "<group>"; };
		FC9B9D7D1A37388F00C9E353 /* measurementDetailViewController.swift */ = {isa = PBXFileReference; fileEncoding = 4; lastKnownFileType = sourcecode.swift; path = measurementDetailViewController.swift; sourceTree = "<group>"; };
		FC9B9D801A3845CD00C9E353 /* GraphView.swift */ = {isa = PBXFileReference; fileEncoding = 4; lastKnownFileType = sourcecode.swift; path = GraphView.swift; sourceTree = "<group>"; };
		FCAA6ED11A39AE3900524398 /* Reachability.swift */ = {isa = PBXFileReference; fileEncoding = 4; lastKnownFileType = sourcecode.swift; path = Reachability.swift; sourceTree = "<group>"; };
		FCB0A34E1A7FF3BE00223130 /* MeasurementSummaryCell.swift */ = {isa = PBXFileReference; fileEncoding = 4; lastKnownFileType = sourcecode.swift; path = MeasurementSummaryCell.swift; sourceTree = "<group>"; };
		FCB0A3501A80C15A00223130 /* measurements+extension.swift */ = {isa = PBXFileReference; fileEncoding = 4; lastKnownFileType = sourcecode.swift; path = "measurements+extension.swift"; sourceTree = "<group>"; };
		FCB8C3031A38995000A3D30F /* MeasDetailEditCell.swift */ = {isa = PBXFileReference; fileEncoding = 4; lastKnownFileType = sourcecode.swift; path = MeasDetailEditCell.swift; sourceTree = "<group>"; };
		FCD401911A6D640C00950802 /* Measurement.swift */ = {isa = PBXFileReference; fileEncoding = 4; lastKnownFileType = sourcecode.swift; path = Measurement.swift; sourceTree = "<group>"; };
		FCD4471C1A5D483800689E62 /* libPods.a */ = {isa = PBXFileReference; lastKnownFileType = archive.ar; name = libPods.a; path = "Pods/build/Release-iphoneos/libPods.a"; sourceTree = "<group>"; };
		FCD669D71A812100009C4936 /* NewMinistryTVC.swift */ = {isa = PBXFileReference; fileEncoding = 4; lastKnownFileType = sourcecode.swift; path = NewMinistryTVC.swift; sourceTree = "<group>"; };
		FCD669D91A825BB2009C4936 /* assignment+extension.swift */ = {isa = PBXFileReference; fileEncoding = 4; lastKnownFileType = sourcecode.swift; path = "assignment+extension.swift"; sourceTree = "<group>"; };
		FCD669DF1A838498009C4936 /* MeasurementMeSource+extension.swift */ = {isa = PBXFileReference; fileEncoding = 4; lastKnownFileType = sourcecode.swift; path = "MeasurementMeSource+extension.swift"; sourceTree = "<group>"; };
		FCD669E31A83870C009C4936 /* MeasurementValue+extension.swift */ = {isa = PBXFileReference; fileEncoding = 4; lastKnownFileType = sourcecode.swift; path = "MeasurementValue+extension.swift"; sourceTree = "<group>"; };
		FCDEE1D51A7AA51200818E8C /* training+extension.swift */ = {isa = PBXFileReference; fileEncoding = 4; lastKnownFileType = sourcecode.swift; path = "training+extension.swift"; sourceTree = "<group>"; };
/* End PBXFileReference section */

/* Begin PBXFrameworksBuildPhase section */
		FC4D27401A2DDF8500C20288 /* Frameworks */ = {
			isa = PBXFrameworksBuildPhase;
			buildActionMask = 2147483647;
			files = (
				FC4D27831A2DE6A000C20288 /* SystemConfiguration.framework in Frameworks */,
				FC4D27811A2DE69600C20288 /* QuartzCore.framework in Frameworks */,
				FC4D277F1A2DE68B00C20288 /* OpenGLES.framework in Frameworks */,
				FC4D277D1A2DE68100C20288 /* libz.dylib in Frameworks */,
				FC4D277B1A2DE67A00C20288 /* libicucore.dylib in Frameworks */,
				FC4D27791A2DE66900C20288 /* libc++.dylib in Frameworks */,
				FC4D27771A2DE65900C20288 /* ImageIO.framework in Frameworks */,
				FC4D27751A2DE65300C20288 /* GLKit.framework in Frameworks */,
				FC4D27731A2DE64900C20288 /* CoreText.framework in Frameworks */,
				FC4D27711A2DE63D00C20288 /* CoreLocation.framework in Frameworks */,
				FC4D276F1A2DE63200C20288 /* CoreData.framework in Frameworks */,
				FC4D276D1A2DE62100C20288 /* AVFoundation.framework in Frameworks */,
				52891AFA55E5EC6422DB50A7 /* libPods.a in Frameworks */,
			);
			runOnlyForDeploymentPostprocessing = 0;
		};
		FC4D27571A2DDF8500C20288 /* Frameworks */ = {
			isa = PBXFrameworksBuildPhase;
			buildActionMask = 2147483647;
			files = (
			);
			runOnlyForDeploymentPostprocessing = 0;
		};
		FC5EE7041AA073A600F86627 /* Frameworks */ = {
			isa = PBXFrameworksBuildPhase;
			buildActionMask = 2147483647;
			files = (
				302F12CF1B4FC6BA000FAB6E /* libPods.a in Frameworks */,
				FC5EE7061AA073A600F86627 /* SystemConfiguration.framework in Frameworks */,
				FC5EE7071AA073A600F86627 /* QuartzCore.framework in Frameworks */,
				FC5EE7081AA073A600F86627 /* OpenGLES.framework in Frameworks */,
				FC5EE7091AA073A600F86627 /* libz.dylib in Frameworks */,
				FC5EE70A1AA073A600F86627 /* libicucore.dylib in Frameworks */,
				FC5EE70B1AA073A600F86627 /* libc++.dylib in Frameworks */,
				FC5EE70C1AA073A600F86627 /* ImageIO.framework in Frameworks */,
				FC5EE70D1AA073A600F86627 /* GLKit.framework in Frameworks */,
				FC5EE70E1AA073A600F86627 /* CoreText.framework in Frameworks */,
				FC5EE70F1AA073A600F86627 /* CoreLocation.framework in Frameworks */,
				FC5EE7101AA073A600F86627 /* CoreData.framework in Frameworks */,
				FC5EE7111AA073A600F86627 /* AVFoundation.framework in Frameworks */,
			);
			runOnlyForDeploymentPostprocessing = 0;
		};
/* End PBXFrameworksBuildPhase section */

/* Begin PBXGroup section */
		217CCF730F2484675C10274D /* Pods */ = {
			isa = PBXGroup;
			children = (
				F960B9A9023C7B62E23D9505 /* Pods.debug.xcconfig */,
				EBD4DF6AB4D7A6A23838D6B7 /* Pods.release.xcconfig */,
			);
			name = Pods;
			sourceTree = "<group>";
		};
		30B45CEB1B8EF20300F58D54 /* SWRevealViewController */ = {
			isa = PBXGroup;
			children = (
				30B45CF41B8F07E900F58D54 /* SWRevealViewController.h */,
				30B45CF51B8F07E900F58D54 /* SWRevealViewController.m */,
			);
			name = SWRevealViewController;
			sourceTree = "<group>";
		};
		30B45CEF1B8EF23D00F58D54 /* LoginViewController */ = {
			isa = PBXGroup;
			children = (
				FC93DFD41A2FAE04008D4221 /* GMALoginViewController.h */,
				FC93DFD51A2FAE04008D4221 /* GMALoginViewController.m */,
				3079DE6B1BC2784200FE6283 /* GMALoginViewController.xib */,
			);
			name = LoginViewController;
			sourceTree = "<group>";
		};
		30BADAF71B84A08D00B9C74A /* NotificationManager */ = {
			isa = PBXGroup;
			children = (
				30BADAF41B849BDA00B9C74A /* NotificationManager.swift */,
			);
			name = NotificationManager;
			sourceTree = "<group>";
		};
		474BB9C41AAB78FC0026F289 /* hack1 */ = {
			isa = PBXGroup;
			children = (
				474BB9C51AAB79210026F289 /* PageContentViewController.swift */,
				474BB9C81AAB7A1D0026F289 /* Hack1ViewController.swift */,
			);
			name = hack1;
			sourceTree = "<group>";
		};
		4768A27A1AAE4D6200A07070 /* Resources */ = {
			isa = PBXGroup;
			children = (
				4768A27B1AAE4D8400A07070 /* Fonts */,
			);
			name = Resources;
			sourceTree = "<group>";
		};
		4768A27B1AAE4D8400A07070 /* Fonts */ = {
			isa = PBXGroup;
			children = (
				4768A2A01AAE4E4400A07070 /* Linotype - Alternate Gothic LT No2.ttf */,
				4768A27C1AAE4DA100A07070 /* Roboto-Black.ttf */,
				4768A27D1AAE4DA100A07070 /* Roboto-BlackItalic.ttf */,
				4768A27E1AAE4DA100A07070 /* Roboto-Bold.ttf */,
				4768A27F1AAE4DA100A07070 /* Roboto-BoldItalic.ttf */,
				4768A2801AAE4DA100A07070 /* Roboto-Italic.ttf */,
				4768A2811AAE4DA100A07070 /* Roboto-Light.ttf */,
				4768A2821AAE4DA100A07070 /* Roboto-LightItalic.ttf */,
				4768A2831AAE4DA100A07070 /* Roboto-Medium.ttf */,
				4768A2841AAE4DA100A07070 /* Roboto-MediumItalic.ttf */,
				4768A2851AAE4DA100A07070 /* Roboto-Regular.ttf */,
				4768A2861AAE4DA100A07070 /* Roboto-Thin.ttf */,
				4768A2871AAE4DA100A07070 /* Roboto-ThinItalic.ttf */,
			);
			name = Fonts;
			sourceTree = "<group>";
		};
		E2BCC635D23B410B95C9FD69 /* Frameworks */ = {
			isa = PBXGroup;
			children = (
				304449221B7CA6A4007B53F9 /* GoogleMaps.bundle */,
				304449201B7CA5E5007B53F9 /* GoogleMaps.framework */,
				302F12CE1B4FC6BA000FAB6E /* libPods.a */,
				302F12CC1B4FC158000FAB6E /* libPods.a */,
				FC4CF6231B0697CC000CCEE2 /* libGoogleAnalyticsServices.a */,
				FC4CF6211B069786000CCEE2 /* GoogleAnalytics */,
				FCD4471C1A5D483800689E62 /* libPods.a */,
				0AB2EC15715F7C771D614402 /* libPods-GMA.a */,
				AC2A012DF5F052B0FF9138F4 /* libPods-GMA Demo.a */,
				99E4538963E581347F328A67 /* libPods.a */,
			);
			name = Frameworks;
			sourceTree = "<group>";
		};
		FC13ABAD1A7A588000CB2713 /* extensions */ = {
			isa = PBXGroup;
			children = (
				FC13ABAE1A7A58B600CB2713 /* church+extension.swift */,
				FCDEE1D51A7AA51200818E8C /* training+extension.swift */,
				FCD669D91A825BB2009C4936 /* assignment+extension.swift */,
				FCB0A3501A80C15A00223130 /* measurements+extension.swift */,
				FCD669E31A83870C009C4936 /* MeasurementValue+extension.swift */,
				FCD669DF1A838498009C4936 /* MeasurementMeSource+extension.swift */,
				FC9401C81A88D869002D54D1 /* Ministry+extension.swift */,
			);
			name = extensions;
			sourceTree = "<group>";
		};
		FC4D273A1A2DDF8500C20288 = {
			isa = PBXGroup;
			children = (
				30B45CEF1B8EF23D00F58D54 /* LoginViewController */,
				30B45CEB1B8EF20300F58D54 /* SWRevealViewController */,
				30BADAF71B84A08D00B9C74A /* NotificationManager */,
				304449251B7CA951007B53F9 /* GoogleMaps.bundle */,
				FC4D27841A2DE72A00C20288 /* frameworks */,
				FC4D27451A2DDF8500C20288 /* gcmapp */,
				FC4D275D1A2DDF8500C20288 /* gcmappTests */,
				FC4D27441A2DDF8500C20288 /* Products */,
				E2BCC635D23B410B95C9FD69 /* Frameworks */,
				217CCF730F2484675C10274D /* Pods */,
				47376FC71AB09FDF0062D7C9 /* GMA copy-Info.plist */,
				47376FC81AB09FDF0062D7C9 /* GMA copy2-Info.plist */,
			);
			sourceTree = "<group>";
		};
		FC4D27441A2DDF8500C20288 /* Products */ = {
			isa = PBXGroup;
			children = (
				FC4D27431A2DDF8500C20288 /* GMA.app */,
				FC4D275A1A2DDF8500C20288 /* gcmappTests.xctest */,
				FC5EE71B1AA073A600F86627 /* GMA Demo.app */,
			);
			name = Products;
			sourceTree = "<group>";
		};
		FC4D27451A2DDF8500C20288 /* gcmapp */ = {
			isa = PBXGroup;
			children = (
				4768A27A1AAE4D6200A07070 /* Resources */,
				474BB9C41AAB78FC0026F289 /* hack1 */,
				FC9B9D7A1A3729C000C9E353 /* core */,
				FC4D27961A2E004300C20288 /* datamodel */,
				FC9B9D701A35FDE000C9E353 /* map */,
				FC9B9D751A3709FB00C9E353 /* measurements */,
				FC9B9D7F1A3738A600C9E353 /* settings */,
				FC4D274C1A2DDF8500C20288 /* lmi.swift */,
				30C82C691B901396004B5BDB /* LoginVC.swift */,
				FC4D274E1A2DDF8500C20288 /* Main.storyboard */,
				FC67B9AB1AB9842000530105 /* Launch.storyboard */,
				3079DE651BC272F200FE6283 /* Localizable.strings */,
				FC4D27511A2DDF8500C20288 /* Images.xcassets */,
				FC4D27461A2DDF8500C20288 /* Supporting Files */,
			);
			path = gcmapp;
			sourceTree = "<group>";
		};
		FC4D27461A2DDF8500C20288 /* Supporting Files */ = {
			isa = PBXGroup;
			children = (
				FC4D27471A2DDF8500C20288 /* Info.plist */,
				3057EA9B1B4D52DE0038DEFE /* Config.plist */,
			);
			name = "Supporting Files";
			sourceTree = "<group>";
		};
		FC4D275D1A2DDF8500C20288 /* gcmappTests */ = {
			isa = PBXGroup;
			children = (
				FC4D27601A2DDF8500C20288 /* gcmappTests.swift */,
				FC4D275E1A2DDF8500C20288 /* Supporting Files */,
			);
			path = gcmappTests;
			sourceTree = "<group>";
		};
		FC4D275E1A2DDF8500C20288 /* Supporting Files */ = {
			isa = PBXGroup;
			children = (
				FC4D275F1A2DDF8500C20288 /* Info.plist */,
			);
			name = "Supporting Files";
			sourceTree = "<group>";
		};
		FC4D27841A2DE72A00C20288 /* frameworks */ = {
			isa = PBXGroup;
			children = (
				FC41ED6A1A31CFA600915ED7 /* HTAutocompleteManager.h */,
				FC41ED6B1A31CFA600915ED7 /* HTAutocompleteManager.m */,
				FC4D27821A2DE6A000C20288 /* SystemConfiguration.framework */,
				FC4D27801A2DE69600C20288 /* QuartzCore.framework */,
				FC4D277E1A2DE68B00C20288 /* OpenGLES.framework */,
				FC4D277C1A2DE68100C20288 /* libz.dylib */,
				FC4D277A1A2DE67A00C20288 /* libicucore.dylib */,
				FC4D27781A2DE66900C20288 /* libc++.dylib */,
				FC4D27761A2DE65900C20288 /* ImageIO.framework */,
				FC4D27741A2DE65300C20288 /* GLKit.framework */,
				FC4D27721A2DE64900C20288 /* CoreText.framework */,
				FC4D27701A2DE63D00C20288 /* CoreLocation.framework */,
				FC4D276E1A2DE63200C20288 /* CoreData.framework */,
				FC4D276C1A2DE62100C20288 /* AVFoundation.framework */,
			);
			name = frameworks;
			sourceTree = "<group>";
		};
		FC4D27961A2E004300C20288 /* datamodel */ = {
			isa = PBXGroup;
			children = (
				FC13ABAD1A7A588000CB2713 /* extensions */,
				FC22B46A1AB9C8D900FF39AE /* MeasurementValue.swift */,
				FC5EE6BF1AA06B4F00F86627 /* MCC.swift */,
				FC5EE6B71AA06B4F00F86627 /* Training.swift */,
				FC5EE6C71AA06B4F00F86627 /* Ministry.swift */,
				FC5EE6C51AA06B4F00F86627 /* Church.swift */,
				FC2E0DEE1A2E171A00DAC5A3 /* dataSync.swift */,
				FC2E0DF01A2E181500DAC5A3 /* API.swift */,
				FCD401911A6D640C00950802 /* Measurement.swift */,
				FC9401C41A850EDF002D54D1 /* createTrainingStage.swift */,
				FC4D27911A2DFBC400C20288 /* gcmModel.xcdatamodeld */,
				FC5EE6CB1AA06B4F00F86627 /* MeasurementMeSource.swift */,
				FC5EE6C91AA06B4F00F86627 /* MeasurementValueTeam.swift */,
				FC5EE6C31AA06B4F00F86627 /* MeasurementLocalSource.swift */,
				FC5EE6C11AA06B4F00F86627 /* Assignment.swift */,
				FC5EE6BD1AA06B4F00F86627 /* MeasurementValueSelfAssigned.swift */,
				FC5EE6BB1AA06B4F00F86627 /* Measurements.swift */,
				FC5EE6B91AA06B4F00F86627 /* TrainingCompletion.swift */,
				FC5EE6B51AA06B4E00F86627 /* MeasurementValueSubTeam.swift */,
				3022A8451BC6582600BDEBBD /* MeasurementSettings.swift */,
			);
			name = datamodel;
			sourceTree = "<group>";
		};
		FC9B9D701A35FDE000C9E353 /* map */ = {
			isa = PBXGroup;
			children = (
				3091A7051B9DA37A00977C2B /* DatePickerCell.swift */,
				FC9B9D6E1A35F73600C9E353 /* trainingViewController.swift */,
				3091A7001B9D768E00977C2B /* mapViewController.swift */,
				FC41ED6D1A31EF9A00915ED7 /* mapOptionsViewController.swift */,
				FC9B9D711A35FE3E00C9E353 /* TrainingCompCell.swift */,
				FC13ABA51A790BA000CB2713 /* ChurchTVC.swift */,
				FC13ABA71A790E9B00CB2713 /* UIEditTextCell.swift */,
				FC13ABA91A7927E100CB2713 /* DevelopmentTVC.swift */,
				FC13ABAB1A79280100CB2713 /* SecurityTVC.swift */,
				FC13ABB21A7A726D00CB2713 /* ParentTVC.swift */,
				FC8F3D001A7B91320091854D /* TrainingTypeTVC.swift */,
			);
			name = map;
			sourceTree = "<group>";
		};
		FC9B9D751A3709FB00C9E353 /* measurements */ = {
			isa = PBXGroup;
			children = (
				FC9B9D781A370AAA00C9E353 /* measurmentsController.swift */,
				FC9B9D7D1A37388F00C9E353 /* measurementDetailViewController.swift */,
				FC9B9D801A3845CD00C9E353 /* GraphView.swift */,
				FCB8C3031A38995000A3D30F /* MeasDetailEditCell.swift */,
				FCB0A34E1A7FF3BE00223130 /* MeasurementSummaryCell.swift */,
			);
			name = measurements;
			sourceTree = "<group>";
		};
		FC9B9D7A1A3729C000C9E353 /* core */ = {
			isa = PBXGroup;
			children = (
				FC93DFDD1A3074B2008D4221 /* GlobalConstants.swift */,
				FC9B9D7B1A3729E700C9E353 /* GlobalFunctions.swift */,
				FC93DFDB1A306E19008D4221 /* gcmTabBarController.swift */,
				30B45CFA1B8F128B00F58D54 /* LeftMenuController.swift */,
				FC4D27851A2DE84800C20288 /* gcmapp-Bridging-Header.h */,
				FC4D27481A2DDF8500C20288 /* AppDelegate.swift */,
				FCAA6ED11A39AE3900524398 /* Reachability.swift */,
			);
			name = core;
			sourceTree = "<group>";
		};
		FC9B9D7F1A3738A600C9E353 /* settings */ = {
			isa = PBXGroup;
			children = (
				FC93DFE31A308129008D4221 /* settingsViewController.swift */,
				FC93E0111A31A726008D4221 /* mccViewController.swift */,
				FC93E00F1A30C6E3008D4221 /* assignmentsViewController.swift */,
				FCD669D71A812100009C4936 /* NewMinistryTVC.swift */,
				30BADAF11B847D4700B9C74A /* HasMcc.swift */,
			);
			name = settings;
			sourceTree = "<group>";
		};
/* End PBXGroup section */

/* Begin PBXNativeTarget section */
		FC4D27421A2DDF8500C20288 /* GMA */ = {
			isa = PBXNativeTarget;
			buildConfigurationList = FC4D27641A2DDF8500C20288 /* Build configuration list for PBXNativeTarget "GMA" */;
			buildPhases = (
				3DFF5F742DFA4E9FBF9FF229 /* Check Pods Manifest.lock */,
				FC4D273F1A2DDF8500C20288 /* Sources */,
				FC4D27401A2DDF8500C20288 /* Frameworks */,
				FC4D27411A2DDF8500C20288 /* Resources */,
				D5E0ABC832BA447E8AAD3F7C /* Copy Pods Resources */,
				F663CB4021A4370726A4BB32 /* Embed Pods Frameworks */,
			);
			buildRules = (
			);
			dependencies = (
			);
			name = GMA;
			productName = gcmapp;
			productReference = FC4D27431A2DDF8500C20288 /* GMA.app */;
			productType = "com.apple.product-type.application";
		};
		FC4D27591A2DDF8500C20288 /* gcmappTests */ = {
			isa = PBXNativeTarget;
			buildConfigurationList = FC4D27671A2DDF8500C20288 /* Build configuration list for PBXNativeTarget "gcmappTests" */;
			buildPhases = (
				FC4D27561A2DDF8500C20288 /* Sources */,
				FC4D27571A2DDF8500C20288 /* Frameworks */,
				FC4D27581A2DDF8500C20288 /* Resources */,
			);
			buildRules = (
			);
			dependencies = (
				FC4D275C1A2DDF8500C20288 /* PBXTargetDependency */,
			);
			name = gcmappTests;
			productName = gcmappTests;
			productReference = FC4D275A1A2DDF8500C20288 /* gcmappTests.xctest */;
			productType = "com.apple.product-type.bundle.unit-test";
		};
		FC5EE6CD1AA073A600F86627 /* GMA Demo */ = {
			isa = PBXNativeTarget;
			buildConfigurationList = FC5EE7181AA073A600F86627 /* Build configuration list for PBXNativeTarget "GMA Demo" */;
			buildPhases = (
				FC5EE6CE1AA073A600F86627 /* Check Pods Manifest.lock */,
				FC5EE6CF1AA073A600F86627 /* Sources */,
				FC5EE7041AA073A600F86627 /* Frameworks */,
				FC5EE7121AA073A600F86627 /* Resources */,
			);
			buildRules = (
			);
			dependencies = (
			);
			name = "GMA Demo";
			productName = gcmapp;
			productReference = FC5EE71B1AA073A600F86627 /* GMA Demo.app */;
			productType = "com.apple.product-type.application";
		};
/* End PBXNativeTarget section */

/* Begin PBXProject section */
		FC4D273B1A2DDF8500C20288 /* Project object */ = {
			isa = PBXProject;
			attributes = {
				LastSwiftUpdateCheck = 0710;
				LastUpgradeCheck = 0610;
				ORGANIZATIONNAME = Expidev;
				TargetAttributes = {
					FC4D27421A2DDF8500C20288 = {
						CreatedOnToolsVersion = 6.1;
						DevelopmentTeam = DQ48D9BF2V;
					};
					FC4D27591A2DDF8500C20288 = {
						CreatedOnToolsVersion = 6.1;
						TestTargetID = FC4D27421A2DDF8500C20288;
					};
					FC5EE6CD1AA073A600F86627 = {
						DevelopmentTeam = DQ48D9BF2V;
					};
				};
			};
			buildConfigurationList = FC4D273E1A2DDF8500C20288 /* Build configuration list for PBXProject "gcmapp" */;
			compatibilityVersion = "Xcode 3.2";
			developmentRegion = English;
			hasScannedForEncodings = 0;
			knownRegions = (
				en,
				Base,
			);
			mainGroup = FC4D273A1A2DDF8500C20288;
			productRefGroup = FC4D27441A2DDF8500C20288 /* Products */;
			projectDirPath = "";
			projectRoot = "";
			targets = (
				FC4D27421A2DDF8500C20288 /* GMA */,
				FC5EE6CD1AA073A600F86627 /* GMA Demo */,
				FC4D27591A2DDF8500C20288 /* gcmappTests */,
			);
		};
/* End PBXProject section */

/* Begin PBXResourcesBuildPhase section */
		FC4D27411A2DDF8500C20288 /* Resources */ = {
			isa = PBXResourcesBuildPhase;
			buildActionMask = 2147483647;
			files = (
				4768A29C1AAE4DA100A07070 /* Roboto-Thin.ttf in Resources */,
				4768A2961AAE4DA100A07070 /* Roboto-Medium.ttf in Resources */,
				4768A28E1AAE4DA100A07070 /* Roboto-BoldItalic.ttf in Resources */,
				4768A2941AAE4DA100A07070 /* Roboto-LightItalic.ttf in Resources */,
				47376FC91AB09FDF0062D7C9 /* GMA copy-Info.plist in Resources */,
				4768A2981AAE4DA100A07070 /* Roboto-MediumItalic.ttf in Resources */,
				D30F734D1A68680600D00EA7 /* Main.storyboard in Resources */,
				4768A2921AAE4DA100A07070 /* Roboto-Light.ttf in Resources */,
				3079DE681BC2784200FE6283 /* GMALoginViewController.xib in Resources */,
				4768A28A1AAE4DA100A07070 /* Roboto-BlackItalic.ttf in Resources */,
				3079DE661BC272F200FE6283 /* Localizable.strings in Resources */,
				4768A29E1AAE4DA100A07070 /* Roboto-ThinItalic.ttf in Resources */,
				FC4D27521A2DDF8500C20288 /* Images.xcassets in Resources */,
				FC67B9AC1AB9842000530105 /* Launch.storyboard in Resources */,
				4768A2901AAE4DA100A07070 /* Roboto-Italic.ttf in Resources */,
				4768A29A1AAE4DA100A07070 /* Roboto-Regular.ttf in Resources */,
				4768A28C1AAE4DA100A07070 /* Roboto-Bold.ttf in Resources */,
				4768A2A11AAE4E4400A07070 /* Linotype - Alternate Gothic LT No2.ttf in Resources */,
				4768A2881AAE4DA100A07070 /* Roboto-Black.ttf in Resources */,
				3057EA9C1B4D52DE0038DEFE /* Config.plist in Resources */,
				304449261B7CA952007B53F9 /* GoogleMaps.bundle in Resources */,
			);
			runOnlyForDeploymentPostprocessing = 0;
		};
		FC4D27581A2DDF8500C20288 /* Resources */ = {
			isa = PBXResourcesBuildPhase;
			buildActionMask = 2147483647;
			files = (
			);
			runOnlyForDeploymentPostprocessing = 0;
		};
		FC5EE7121AA073A600F86627 /* Resources */ = {
			isa = PBXResourcesBuildPhase;
			buildActionMask = 2147483647;
			files = (
				4768A29D1AAE4DA100A07070 /* Roboto-Thin.ttf in Resources */,
				4768A2971AAE4DA100A07070 /* Roboto-Medium.ttf in Resources */,
				4768A28F1AAE4DA100A07070 /* Roboto-BoldItalic.ttf in Resources */,
				4768A2951AAE4DA100A07070 /* Roboto-LightItalic.ttf in Resources */,
				47376FCA1AB09FDF0062D7C9 /* GMA copy-Info.plist in Resources */,
				4768A2991AAE4DA100A07070 /* Roboto-MediumItalic.ttf in Resources */,
				FC5EE7131AA073A600F86627 /* Main.storyboard in Resources */,
				4768A2931AAE4DA100A07070 /* Roboto-Light.ttf in Resources */,
				3079DE691BC2784200FE6283 /* GMALoginViewController.xib in Resources */,
				4768A28B1AAE4DA100A07070 /* Roboto-BlackItalic.ttf in Resources */,
				3079DE671BC272F700FE6283 /* Localizable.strings in Resources */,
				4768A29F1AAE4DA100A07070 /* Roboto-ThinItalic.ttf in Resources */,
				FC5EE7151AA073A600F86627 /* Images.xcassets in Resources */,
				FC67B9AD1AB9847400530105 /* Launch.storyboard in Resources */,
				4768A2911AAE4DA100A07070 /* Roboto-Italic.ttf in Resources */,
				4768A29B1AAE4DA100A07070 /* Roboto-Regular.ttf in Resources */,
				4768A28D1AAE4DA100A07070 /* Roboto-Bold.ttf in Resources */,
				4768A2A21AAE4E4400A07070 /* Linotype - Alternate Gothic LT No2.ttf in Resources */,
				4768A2891AAE4DA100A07070 /* Roboto-Black.ttf in Resources */,
				3057EA9D1B4D52DE0038DEFE /* Config.plist in Resources */,
				304449271B7CA952007B53F9 /* GoogleMaps.bundle in Resources */,
			);
			runOnlyForDeploymentPostprocessing = 0;
		};
/* End PBXResourcesBuildPhase section */

/* Begin PBXShellScriptBuildPhase section */
		3DFF5F742DFA4E9FBF9FF229 /* Check Pods Manifest.lock */ = {
			isa = PBXShellScriptBuildPhase;
			buildActionMask = 2147483647;
			files = (
			);
			inputPaths = (
			);
			name = "Check Pods Manifest.lock";
			outputPaths = (
			);
			runOnlyForDeploymentPostprocessing = 0;
			shellPath = /bin/sh;
			shellScript = "diff \"${PODS_ROOT}/../Podfile.lock\" \"${PODS_ROOT}/Manifest.lock\" > /dev/null\nif [[ $? != 0 ]] ; then\n    cat << EOM\nerror: The sandbox is not in sync with the Podfile.lock. Run 'pod install' or update your CocoaPods installation.\nEOM\n    exit 1\nfi\n";
			showEnvVarsInLog = 0;
		};
		D5E0ABC832BA447E8AAD3F7C /* Copy Pods Resources */ = {
			isa = PBXShellScriptBuildPhase;
			buildActionMask = 2147483647;
			files = (
			);
			inputPaths = (
			);
			name = "Copy Pods Resources";
			outputPaths = (
			);
			runOnlyForDeploymentPostprocessing = 0;
			shellPath = /bin/sh;
			shellScript = "\"${SRCROOT}/Pods/Target Support Files/Pods/Pods-resources.sh\"\n";
			showEnvVarsInLog = 0;
		};
		F663CB4021A4370726A4BB32 /* Embed Pods Frameworks */ = {
			isa = PBXShellScriptBuildPhase;
			buildActionMask = 2147483647;
			files = (
			);
			inputPaths = (
			);
			name = "Embed Pods Frameworks";
			outputPaths = (
			);
			runOnlyForDeploymentPostprocessing = 0;
			shellPath = /bin/sh;
			shellScript = "\"${SRCROOT}/Pods/Target Support Files/Pods/Pods-frameworks.sh\"\n";
			showEnvVarsInLog = 0;
		};
		FC5EE6CE1AA073A600F86627 /* Check Pods Manifest.lock */ = {
			isa = PBXShellScriptBuildPhase;
			buildActionMask = 2147483647;
			files = (
			);
			inputPaths = (
			);
			name = "Check Pods Manifest.lock";
			outputPaths = (
			);
			runOnlyForDeploymentPostprocessing = 0;
			shellPath = /bin/sh;
			shellScript = "diff \"${PODS_ROOT}/../Podfile.lock\" \"${PODS_ROOT}/Manifest.lock\" > /dev/null\nif [[ $? != 0 ]] ; then\n    cat << EOM\nerror: The sandbox is not in sync with the Podfile.lock. Run 'pod install' or update your CocoaPods installation.\nEOM\n    exit 1\nfi\n";
			showEnvVarsInLog = 0;
		};
/* End PBXShellScriptBuildPhase section */

/* Begin PBXSourcesBuildPhase section */
		FC4D273F1A2DDF8500C20288 /* Sources */ = {
			isa = PBXSourcesBuildPhase;
			buildActionMask = 2147483647;
			files = (
				FC5EE6BA1AA06B4F00F86627 /* TrainingCompletion.swift in Sources */,
				FC9B9D721A35FE3E00C9E353 /* TrainingCompCell.swift in Sources */,
				FC5EE6CA1AA06B4F00F86627 /* MeasurementValueTeam.swift in Sources */,
				FC4D274D1A2DDF8500C20288 /* lmi.swift in Sources */,
				FC41ED6E1A31EF9A00915ED7 /* mapOptionsViewController.swift in Sources */,
				FC13ABAA1A7927E100CB2713 /* DevelopmentTVC.swift in Sources */,
				FC93E0121A31A726008D4221 /* mccViewController.swift in Sources */,
				30B45CFB1B8F128B00F58D54 /* LeftMenuController.swift in Sources */,
				FC5EE6BC1AA06B4F00F86627 /* Measurements.swift in Sources */,
				FC9B9D811A3845CD00C9E353 /* GraphView.swift in Sources */,
				FC9B9D791A370AAA00C9E353 /* measurmentsController.swift in Sources */,
				FC5EE6C41AA06B4F00F86627 /* MeasurementLocalSource.swift in Sources */,
				30BADAF21B847D4700B9C74A /* HasMcc.swift in Sources */,
				FC5EE6C01AA06B4F00F86627 /* MCC.swift in Sources */,
				FC5EE6C21AA06B4F00F86627 /* Assignment.swift in Sources */,
				3022A8461BC6582600BDEBBD /* MeasurementSettings.swift in Sources */,
				FC5EE6B81AA06B4F00F86627 /* Training.swift in Sources */,
				FC9B9D7E1A37388F00C9E353 /* measurementDetailViewController.swift in Sources */,
				474BB9C91AAB7A1D0026F289 /* Hack1ViewController.swift in Sources */,
				FC9B9D6F1A35F73600C9E353 /* trainingViewController.swift in Sources */,
				FC2E0DEF1A2E171A00DAC5A3 /* dataSync.swift in Sources */,
				FCD669D81A812100009C4936 /* NewMinistryTVC.swift in Sources */,
				FCB0A34F1A7FF3BE00223130 /* MeasurementSummaryCell.swift in Sources */,
				FCD401921A6D640C00950802 /* Measurement.swift in Sources */,
				FC4D27931A2DFBC400C20288 /* gcmModel.xcdatamodeld in Sources */,
				FC93DFD71A2FAE04008D4221 /* GMALoginViewController.m in Sources */,
				FC93DFDC1A306E19008D4221 /* gcmTabBarController.swift in Sources */,
				FC93DFE41A308129008D4221 /* settingsViewController.swift in Sources */,
				FCB8C3041A38995000A3D30F /* MeasDetailEditCell.swift in Sources */,
				FC4D27491A2DDF8500C20288 /* AppDelegate.swift in Sources */,
				FCB0A3511A80C15A00223130 /* measurements+extension.swift in Sources */,
				3091A7011B9D768E00977C2B /* mapViewController.swift in Sources */,
				FCD669DA1A825BB2009C4936 /* assignment+extension.swift in Sources */,
				FC13ABAC1A79280100CB2713 /* SecurityTVC.swift in Sources */,
				FC13ABA61A790BA000CB2713 /* ChurchTVC.swift in Sources */,
				FC8F3D011A7B91320091854D /* TrainingTypeTVC.swift in Sources */,
				FC5EE6C61AA06B4F00F86627 /* Church.swift in Sources */,
				FC13ABB31A7A726D00CB2713 /* ParentTVC.swift in Sources */,
				FC9401C51A850EDF002D54D1 /* createTrainingStage.swift in Sources */,
				3091A7061B9DA37A00977C2B /* DatePickerCell.swift in Sources */,
				FC22B46B1AB9C8D900FF39AE /* MeasurementValue.swift in Sources */,
				FC5EE6BE1AA06B4F00F86627 /* MeasurementValueSelfAssigned.swift in Sources */,
				FC93E0101A30C6E3008D4221 /* assignmentsViewController.swift in Sources */,
				FC5EE6C81AA06B4F00F86627 /* Ministry.swift in Sources */,
				FC13ABA81A790E9B00CB2713 /* UIEditTextCell.swift in Sources */,
				FC2E0DF11A2E181500DAC5A3 /* API.swift in Sources */,
				FCDEE1D61A7AA51200818E8C /* training+extension.swift in Sources */,
				FC5EE6CC1AA06B4F00F86627 /* MeasurementMeSource.swift in Sources */,
				30B45CF61B8F07E900F58D54 /* SWRevealViewController.m in Sources */,
				FC41ED6C1A31CFA600915ED7 /* HTAutocompleteManager.m in Sources */,
				FCAA6ED21A39AE3900524398 /* Reachability.swift in Sources */,
				FC93DFDE1A3074B2008D4221 /* GlobalConstants.swift in Sources */,
				FC9B9D7C1A3729E700C9E353 /* GlobalFunctions.swift in Sources */,
				FC5EE6B61AA06B4E00F86627 /* MeasurementValueSubTeam.swift in Sources */,
				FC13ABAF1A7A58B600CB2713 /* church+extension.swift in Sources */,
				FCD669E01A838498009C4936 /* MeasurementMeSource+extension.swift in Sources */,
				30C82C6A1B901396004B5BDB /* LoginVC.swift in Sources */,
				FCD669E41A83870C009C4936 /* MeasurementValue+extension.swift in Sources */,
				FC9401C91A88D869002D54D1 /* Ministry+extension.swift in Sources */,
				30BADAF51B849BDA00B9C74A /* NotificationManager.swift in Sources */,
				474BB9C61AAB79210026F289 /* PageContentViewController.swift in Sources */,
			);
			runOnlyForDeploymentPostprocessing = 0;
		};
		FC4D27561A2DDF8500C20288 /* Sources */ = {
			isa = PBXSourcesBuildPhase;
			buildActionMask = 2147483647;
			files = (
				FC4D27611A2DDF8500C20288 /* gcmappTests.swift in Sources */,
			);
			runOnlyForDeploymentPostprocessing = 0;
		};
		FC5EE6CF1AA073A600F86627 /* Sources */ = {
			isa = PBXSourcesBuildPhase;
			buildActionMask = 2147483647;
			files = (
				30BADAF31B8485E500B9C74A /* HasMcc.swift in Sources */,
				304449241B7CA72D007B53F9 /* GoogleMaps.bundle in Sources */,
				FC5EE6D01AA073A600F86627 /* TrainingCompletion.swift in Sources */,
				FC5EE6D11AA073A600F86627 /* TrainingCompCell.swift in Sources */,
				FC22B46C1AB9C8D900FF39AE /* MeasurementValue.swift in Sources */,
				30C82C6B1B901396004B5BDB /* LoginVC.swift in Sources */,
				FC5EE6D21AA073A600F86627 /* MeasurementValueTeam.swift in Sources */,
				FC5EE6D31AA073A600F86627 /* lmi.swift in Sources */,
				3091A7071B9DA37A00977C2B /* DatePickerCell.swift in Sources */,
				FC5EE6D41AA073A600F86627 /* mapOptionsViewController.swift in Sources */,
				FC5EE6D51AA073A600F86627 /* DevelopmentTVC.swift in Sources */,
				FC5EE6D61AA073A600F86627 /* mccViewController.swift in Sources */,
				FC5EE6D71AA073A600F86627 /* Measurements.swift in Sources */,
				FC5EE6D81AA073A600F86627 /* GraphView.swift in Sources */,
				FC5EE6D91AA073A600F86627 /* measurmentsController.swift in Sources */,
				FC5EE6DA1AA073A600F86627 /* MeasurementLocalSource.swift in Sources */,
				30B45CFC1B8F128B00F58D54 /* LeftMenuController.swift in Sources */,
				FC5EE6DB1AA073A600F86627 /* MCC.swift in Sources */,
				FC5EE6DC1AA073A600F86627 /* Assignment.swift in Sources */,
				FC5EE6DD1AA073A600F86627 /* Training.swift in Sources */,
				FC5EE6DE1AA073A600F86627 /* measurementDetailViewController.swift in Sources */,
				474BB9CA1AAB7A1D0026F289 /* Hack1ViewController.swift in Sources */,
				FC5EE6DF1AA073A600F86627 /* trainingViewController.swift in Sources */,
				FC5EE6E01AA073A600F86627 /* dataSync.swift in Sources */,
				FC5EE6E11AA073A600F86627 /* NewMinistryTVC.swift in Sources */,
				FC5EE6E21AA073A600F86627 /* MeasurementSummaryCell.swift in Sources */,
				FC5EE6E31AA073A600F86627 /* Measurement.swift in Sources */,
				FC5EE6E41AA073A600F86627 /* gcmModel.xcdatamodeld in Sources */,
				FC5EE6E51AA073A600F86627 /* GMALoginViewController.m in Sources */,
				FC5EE6E61AA073A600F86627 /* gcmTabBarController.swift in Sources */,
				FC5EE6E71AA073A600F86627 /* settingsViewController.swift in Sources */,
				FC5EE6E81AA073A600F86627 /* MeasDetailEditCell.swift in Sources */,
				FC5EE6E91AA073A600F86627 /* AppDelegate.swift in Sources */,
				FC5EE6EA1AA073A600F86627 /* measurements+extension.swift in Sources */,
				FC5EE6EC1AA073A600F86627 /* assignment+extension.swift in Sources */,
				FC5EE6ED1AA073A600F86627 /* SecurityTVC.swift in Sources */,
				FC5EE6EE1AA073A600F86627 /* ChurchTVC.swift in Sources */,
				FC5EE6EF1AA073A600F86627 /* TrainingTypeTVC.swift in Sources */,
				FC5EE6F01AA073A600F86627 /* Church.swift in Sources */,
				FC5EE6F11AA073A600F86627 /* ParentTVC.swift in Sources */,
				FC5EE6F21AA073A600F86627 /* createTrainingStage.swift in Sources */,
				FC5EE6F31AA073A600F86627 /* MeasurementValueSelfAssigned.swift in Sources */,
				FC5EE6F41AA073A600F86627 /* assignmentsViewController.swift in Sources */,
				FC5EE6F51AA073A600F86627 /* Ministry.swift in Sources */,
				FC5EE6F61AA073A600F86627 /* UIEditTextCell.swift in Sources */,
				FC5EE6F71AA073A600F86627 /* API.swift in Sources */,
				FC5EE6F81AA073A600F86627 /* training+extension.swift in Sources */,
				FC5EE6F91AA073A600F86627 /* MeasurementMeSource.swift in Sources */,
				FC5EE6FA1AA073A600F86627 /* HTAutocompleteManager.m in Sources */,
				FC5EE6FB1AA073A600F86627 /* Reachability.swift in Sources */,
				FC5EE6FC1AA073A600F86627 /* GlobalConstants.swift in Sources */,
				3017AF9F1BC6951C002014BB /* MeasurementSettings.swift in Sources */,
				FC5EE6FD1AA073A600F86627 /* GlobalFunctions.swift in Sources */,
				FC5EE6FE1AA073A600F86627 /* MeasurementValueSubTeam.swift in Sources */,
				FC5EE6FF1AA073A600F86627 /* church+extension.swift in Sources */,
				FC5EE7001AA073A600F86627 /* MeasurementMeSource+extension.swift in Sources */,
				30B45CF71B8F07E900F58D54 /* SWRevealViewController.m in Sources */,
				30BADAF61B849BDA00B9C74A /* NotificationManager.swift in Sources */,
				FC5EE7011AA073A600F86627 /* MeasurementValue+extension.swift in Sources */,
				3091A7021B9D768E00977C2B /* mapViewController.swift in Sources */,
				FC5EE7021AA073A600F86627 /* Ministry+extension.swift in Sources */,
				474BB9C71AAB79210026F289 /* PageContentViewController.swift in Sources */,
			);
			runOnlyForDeploymentPostprocessing = 0;
		};
/* End PBXSourcesBuildPhase section */

/* Begin PBXTargetDependency section */
		FC4D275C1A2DDF8500C20288 /* PBXTargetDependency */ = {
			isa = PBXTargetDependency;
			target = FC4D27421A2DDF8500C20288 /* GMA */;
			targetProxy = FC4D275B1A2DDF8500C20288 /* PBXContainerItemProxy */;
		};
/* End PBXTargetDependency section */

/* Begin PBXVariantGroup section */
		3079DE6B1BC2784200FE6283 /* GMALoginViewController.xib */ = {
			isa = PBXVariantGroup;
			children = (
				3079DE6C1BC2784800FE6283 /* Base */,
				3079DE6E1BC2788500FE6283 /* en */,
			);
			name = GMALoginViewController.xib;
			sourceTree = "<group>";
		};
		FC4D274E1A2DDF8500C20288 /* Main.storyboard */ = {
			isa = PBXVariantGroup;
			children = (
				FC4D274F1A2DDF8500C20288 /* Base */,
				D30F734C1A6867F300D00EA7 /* en */,
			);
			name = Main.storyboard;
			sourceTree = "<group>";
		};
/* End PBXVariantGroup section */

/* Begin XCBuildConfiguration section */
		FC4D27621A2DDF8500C20288 /* Debug */ = {
			isa = XCBuildConfiguration;
			buildSettings = {
				ALWAYS_SEARCH_USER_PATHS = NO;
				CLANG_CXX_LANGUAGE_STANDARD = "gnu++0x";
				CLANG_CXX_LIBRARY = "libc++";
				CLANG_ENABLE_MODULES = YES;
				CLANG_ENABLE_OBJC_ARC = YES;
				CLANG_WARN_BOOL_CONVERSION = YES;
				CLANG_WARN_CONSTANT_CONVERSION = YES;
				CLANG_WARN_DIRECT_OBJC_ISA_USAGE = YES_ERROR;
				CLANG_WARN_EMPTY_BODY = YES;
				CLANG_WARN_ENUM_CONVERSION = YES;
				CLANG_WARN_INT_CONVERSION = YES;
				CLANG_WARN_OBJC_ROOT_CLASS = YES_ERROR;
				CLANG_WARN_UNREACHABLE_CODE = YES;
				CLANG_WARN__DUPLICATE_METHOD_MATCH = YES;
				CODE_SIGN_IDENTITY = "iPhone Developer: Justin Mohit (564QBC92X9)";
				"CODE_SIGN_IDENTITY[sdk=iphoneos*]" = "iPhone Developer: Justin Mohit (564QBC92X9)";
				COPY_PHASE_STRIP = NO;
				ENABLE_STRICT_OBJC_MSGSEND = YES;
				GCC_C_LANGUAGE_STANDARD = gnu99;
				GCC_DYNAMIC_NO_PIC = NO;
				GCC_OPTIMIZATION_LEVEL = 0;
				GCC_PREPROCESSOR_DEFINITIONS = (
					"DEBUG=1",
					"$(inherited)",
				);
				GCC_SYMBOLS_PRIVATE_EXTERN = NO;
				GCC_WARN_64_TO_32_BIT_CONVERSION = YES;
				GCC_WARN_ABOUT_RETURN_TYPE = YES_ERROR;
				GCC_WARN_UNDECLARED_SELECTOR = YES;
				GCC_WARN_UNINITIALIZED_AUTOS = YES_AGGRESSIVE;
				GCC_WARN_UNUSED_FUNCTION = YES;
				GCC_WARN_UNUSED_VARIABLE = YES;
				IPHONEOS_DEPLOYMENT_TARGET = 8.0;
				MTL_ENABLE_DEBUG_INFO = YES;
				ONLY_ACTIVE_ARCH = YES;
				OTHER_LDFLAGS = "-ObjC";
				PROVISIONING_PROFILE = "6c037309-2514-4a51-bc38-b34f98dcb2db";
				SDKROOT = iphoneos;
				SWIFT_OPTIMIZATION_LEVEL = "-Onone";
				TARGETED_DEVICE_FAMILY = "1,2";
				VALID_ARCHS = "$(ARCHS_STANDARD)";
			};
			name = Debug;
		};
		FC4D27631A2DDF8500C20288 /* Release */ = {
			isa = XCBuildConfiguration;
			buildSettings = {
				ALWAYS_SEARCH_USER_PATHS = NO;
				CLANG_CXX_LANGUAGE_STANDARD = "gnu++0x";
				CLANG_CXX_LIBRARY = "libc++";
				CLANG_ENABLE_MODULES = YES;
				CLANG_ENABLE_OBJC_ARC = YES;
				CLANG_WARN_BOOL_CONVERSION = YES;
				CLANG_WARN_CONSTANT_CONVERSION = YES;
				CLANG_WARN_DIRECT_OBJC_ISA_USAGE = YES_ERROR;
				CLANG_WARN_EMPTY_BODY = YES;
				CLANG_WARN_ENUM_CONVERSION = YES;
				CLANG_WARN_INT_CONVERSION = YES;
				CLANG_WARN_OBJC_ROOT_CLASS = YES_ERROR;
				CLANG_WARN_UNREACHABLE_CODE = YES;
				CLANG_WARN__DUPLICATE_METHOD_MATCH = YES;
				CODE_SIGN_IDENTITY = "iPhone Developer: Justin Mohit (564QBC92X9)";
				"CODE_SIGN_IDENTITY[sdk=iphoneos*]" = "iPhone Developer: Justin Mohit (564QBC92X9)";
				COPY_PHASE_STRIP = YES;
				ENABLE_NS_ASSERTIONS = NO;
				ENABLE_STRICT_OBJC_MSGSEND = YES;
				GCC_C_LANGUAGE_STANDARD = gnu99;
				GCC_WARN_64_TO_32_BIT_CONVERSION = YES;
				GCC_WARN_ABOUT_RETURN_TYPE = YES_ERROR;
				GCC_WARN_UNDECLARED_SELECTOR = YES;
				GCC_WARN_UNINITIALIZED_AUTOS = YES_AGGRESSIVE;
				GCC_WARN_UNUSED_FUNCTION = YES;
				GCC_WARN_UNUSED_VARIABLE = YES;
				IPHONEOS_DEPLOYMENT_TARGET = 8.0;
				MTL_ENABLE_DEBUG_INFO = NO;
				OTHER_LDFLAGS = "-ObjC";
				PROVISIONING_PROFILE = "6c037309-2514-4a51-bc38-b34f98dcb2db";
				SDKROOT = iphoneos;
				TARGETED_DEVICE_FAMILY = "1,2";
				VALIDATE_PRODUCT = YES;
				VALID_ARCHS = "$(ARCHS_STANDARD)";
			};
			name = Release;
		};
		FC4D27651A2DDF8500C20288 /* Debug */ = {
			isa = XCBuildConfiguration;
			baseConfigurationReference = F960B9A9023C7B62E23D9505 /* Pods.debug.xcconfig */;
			buildSettings = {
				ASSETCATALOG_COMPILER_APPICON_NAME = AppIcon;
				CLANG_ENABLE_MODULES = YES;
				CODE_SIGN_IDENTITY = "iPhone Developer";
				"CODE_SIGN_IDENTITY[sdk=iphoneos*]" = "iPhone Developer";
				FRAMEWORK_SEARCH_PATHS = (
					"$(inherited)",
					"$(PROJECT_DIR)/gcmapp",
					"$(PROJECT_DIR)",
				);
				HEADER_SEARCH_PATHS = "$(inherited)";
				INFOPLIST_FILE = gcmapp/Info.plist;
				IPHONEOS_DEPLOYMENT_TARGET = 8.0;
				LD_RUNPATH_SEARCH_PATHS = "$(inherited) @executable_path/Frameworks";
				LIBRARY_SEARCH_PATHS = "$(inherited)";
				OTHER_LDFLAGS = "$(inherited)";
				PRODUCT_BUNDLE_IDENTIFIER = org.cru.gma;
				PRODUCT_NAME = GMA;
				PROVISIONING_PROFILE = "";
				SWIFT_OBJC_BRIDGING_HEADER = "gcmapp/gcmapp-Bridging-Header.h";
				SWIFT_OPTIMIZATION_LEVEL = "-Onone";
			};
			name = Debug;
		};
		FC4D27661A2DDF8500C20288 /* Release */ = {
			isa = XCBuildConfiguration;
			baseConfigurationReference = EBD4DF6AB4D7A6A23838D6B7 /* Pods.release.xcconfig */;
			buildSettings = {
				ASSETCATALOG_COMPILER_APPICON_NAME = AppIcon;
				CLANG_ENABLE_MODULES = YES;
				CODE_SIGN_IDENTITY = "iPhone Distribution";
				"CODE_SIGN_IDENTITY[sdk=iphoneos*]" = "iPhone Distribution";
				FRAMEWORK_SEARCH_PATHS = (
					"$(inherited)",
					"$(PROJECT_DIR)/gcmapp",
					"$(PROJECT_DIR)",
				);
				HEADER_SEARCH_PATHS = "$(inherited)";
				INFOPLIST_FILE = gcmapp/Info.plist;
				IPHONEOS_DEPLOYMENT_TARGET = 8.0;
				LD_RUNPATH_SEARCH_PATHS = "$(inherited) @executable_path/Frameworks";
				LIBRARY_SEARCH_PATHS = "$(inherited)";
				OTHER_LDFLAGS = "$(inherited)";
				PRODUCT_BUNDLE_IDENTIFIER = org.cru.gma;
				PRODUCT_NAME = GMA;
				PROVISIONING_PROFILE = "";
				SWIFT_OBJC_BRIDGING_HEADER = "gcmapp/gcmapp-Bridging-Header.h";
				SWIFT_OPTIMIZATION_LEVEL = "-Onone";
			};
			name = Release;
		};
		FC4D27681A2DDF8500C20288 /* Debug */ = {
			isa = XCBuildConfiguration;
			buildSettings = {
				BUNDLE_LOADER = "$(TEST_HOST)";
				CODE_SIGN_IDENTITY = "iPhone Developer: Justin Mohit (564QBC92X9)";
				FRAMEWORK_SEARCH_PATHS = (
					"$(SDKROOT)/Developer/Library/Frameworks",
					"$(inherited)",
				);
				GCC_PREPROCESSOR_DEFINITIONS = (
					"DEBUG=1",
					"$(inherited)",
				);
				INFOPLIST_FILE = gcmappTests/Info.plist;
				LD_RUNPATH_SEARCH_PATHS = "$(inherited) @executable_path/Frameworks @loader_path/Frameworks";
				PRODUCT_NAME = "$(TARGET_NAME)";
				PROVISIONING_PROFILE = "6c037309-2514-4a51-bc38-b34f98dcb2db";
				TEST_HOST = "$(BUILT_PRODUCTS_DIR)/GMA.app/GMA";
			};
			name = Debug;
		};
		FC4D27691A2DDF8500C20288 /* Release */ = {
			isa = XCBuildConfiguration;
			buildSettings = {
				BUNDLE_LOADER = "$(TEST_HOST)";
				CODE_SIGN_IDENTITY = "iPhone Developer: Justin Mohit (564QBC92X9)";
				FRAMEWORK_SEARCH_PATHS = (
					"$(SDKROOT)/Developer/Library/Frameworks",
					"$(inherited)",
				);
				INFOPLIST_FILE = gcmappTests/Info.plist;
				LD_RUNPATH_SEARCH_PATHS = "$(inherited) @executable_path/Frameworks @loader_path/Frameworks";
				PRODUCT_NAME = "$(TARGET_NAME)";
				PROVISIONING_PROFILE = "6c037309-2514-4a51-bc38-b34f98dcb2db";
				TEST_HOST = "$(BUILT_PRODUCTS_DIR)/gcmapp.app/gcmapp";
			};
			name = Release;
		};
		FC5EE7191AA073A600F86627 /* Debug */ = {
			isa = XCBuildConfiguration;
			baseConfigurationReference = F960B9A9023C7B62E23D9505 /* Pods.debug.xcconfig */;
			buildSettings = {
				ASSETCATALOG_COMPILER_APPICON_NAME = AppIcon;
				CLANG_ENABLE_MODULES = YES;
				CODE_SIGN_IDENTITY = "iPhone Developer";
				"CODE_SIGN_IDENTITY[sdk=iphoneos*]" = "iPhone Developer";
				FRAMEWORK_SEARCH_PATHS = (
					"$(inherited)",
					"$(PROJECT_DIR)/gcmapp",
					"$(PROJECT_DIR)",
					"$(PROJECT_DIR)/Pods/GoogleMaps/Frameworks",
				);
				INFOPLIST_FILE = "GMA copy2-Info.plist";
				IPHONEOS_DEPLOYMENT_TARGET = 8.0;
				LD_RUNPATH_SEARCH_PATHS = "$(inherited) @executable_path/Frameworks";
				LIBRARY_SEARCH_PATHS = "$(inherited)";
				OTHER_LDFLAGS = "$(inherited)";
				PRODUCT_BUNDLE_IDENTIFIER = org.cru.gma;
				PRODUCT_NAME = "GMA Demo";
				PROVISIONING_PROFILE = "";
				SWIFT_OBJC_BRIDGING_HEADER = "gcmapp/gcmapp-Bridging-Header.h";
				SWIFT_OPTIMIZATION_LEVEL = "-Onone";
			};
			name = Debug;
		};
		FC5EE71A1AA073A600F86627 /* Release */ = {
			isa = XCBuildConfiguration;
			baseConfigurationReference = EBD4DF6AB4D7A6A23838D6B7 /* Pods.release.xcconfig */;
			buildSettings = {
				ASSETCATALOG_COMPILER_APPICON_NAME = AppIcon;
				CLANG_ENABLE_MODULES = YES;
				CODE_SIGN_IDENTITY = "iPhone Developer";
				"CODE_SIGN_IDENTITY[sdk=iphoneos*]" = "iPhone Developer";
				FRAMEWORK_SEARCH_PATHS = (
					"$(inherited)",
					"$(PROJECT_DIR)/gcmapp",
					"$(PROJECT_DIR)",
					"$(PROJECT_DIR)/Pods/GoogleMaps/Frameworks",
				);
				INFOPLIST_FILE = "GMA copy2-Info.plist";
				IPHONEOS_DEPLOYMENT_TARGET = 8.0;
				LD_RUNPATH_SEARCH_PATHS = "$(inherited) @executable_path/Frameworks";
				LIBRARY_SEARCH_PATHS = "$(inherited)";
				OTHER_LDFLAGS = "$(inherited)";
				PRODUCT_BUNDLE_IDENTIFIER = org.cru.gma;
				PRODUCT_NAME = "GMA Demo";
				PROVISIONING_PROFILE = "";
				SWIFT_OBJC_BRIDGING_HEADER = "gcmapp/gcmapp-Bridging-Header.h";
				SWIFT_OPTIMIZATION_LEVEL = "-Onone";
			};
			name = Release;
		};
/* End XCBuildConfiguration section */

/* Begin XCConfigurationList section */
		FC4D273E1A2DDF8500C20288 /* Build configuration list for PBXProject "gcmapp" */ = {
			isa = XCConfigurationList;
			buildConfigurations = (
				FC4D27621A2DDF8500C20288 /* Debug */,
				FC4D27631A2DDF8500C20288 /* Release */,
			);
			defaultConfigurationIsVisible = 0;
			defaultConfigurationName = Release;
		};
		FC4D27641A2DDF8500C20288 /* Build configuration list for PBXNativeTarget "GMA" */ = {
			isa = XCConfigurationList;
			buildConfigurations = (
				FC4D27651A2DDF8500C20288 /* Debug */,
				FC4D27661A2DDF8500C20288 /* Release */,
			);
			defaultConfigurationIsVisible = 0;
			defaultConfigurationName = Release;
		};
		FC4D27671A2DDF8500C20288 /* Build configuration list for PBXNativeTarget "gcmappTests" */ = {
			isa = XCConfigurationList;
			buildConfigurations = (
				FC4D27681A2DDF8500C20288 /* Debug */,
				FC4D27691A2DDF8500C20288 /* Release */,
			);
			defaultConfigurationIsVisible = 0;
			defaultConfigurationName = Release;
		};
		FC5EE7181AA073A600F86627 /* Build configuration list for PBXNativeTarget "GMA Demo" */ = {
			isa = XCConfigurationList;
			buildConfigurations = (
				FC5EE7191AA073A600F86627 /* Debug */,
				FC5EE71A1AA073A600F86627 /* Release */,
			);
			defaultConfigurationIsVisible = 0;
			defaultConfigurationName = Release;
		};
/* End XCConfigurationList section */

/* Begin XCVersionGroup section */
		FC4D27911A2DFBC400C20288 /* gcmModel.xcdatamodeld */ = {
			isa = XCVersionGroup;
			children = (
				FC4D27921A2DFBC400C20288 /* gcmModel.xcdatamodel */,
			);
			currentVersion = FC4D27921A2DFBC400C20288 /* gcmModel.xcdatamodel */;
			path = gcmModel.xcdatamodeld;
			sourceTree = "<group>";
			versionGroupType = wrapper.xcdatamodel;
		};
/* End XCVersionGroup section */
	};
	rootObject = FC4D273B1A2DDF8500C20288 /* Project object */;
}
